
Microsoft Visual Studio Solution File, Format Version 12.00
# Visual Studio Version 17
VisualStudioVersion = 17.4.33213.308
MinimumVisualStudioVersion = 10.0.40219.1
Project("{8BC9CEB8-8B4A-11D0-8D11-00A0C91BC942}") = "Prj01", "Prj01\Prj01.vcxproj", "{4D10ED91-7EC3-4B3E-B031-1E36BBBA5B37}"
EndProject
Project("{8BC9CEB8-8B4A-11D0-8D11-00A0C91BC942}") = "Prj02", "Prj02\Prj02.vcxproj", "{DBABB926-80D8-4D6A-9235-086F614EB760}"
EndProject
Project("{8BC9CEB8-8B4A-11D0-8D11-00A0C91BC942}") = "PrJ03", "PrJ03\PrJ03.vcxproj", "{70DEE35E-CBAB-49E8-99C1-6896F9E39AAA}"
EndProject
Project("{8BC9CEB8-8B4A-11D0-8D11-00A0C91BC942}") = "Prj04", "Prj04\Prj04.vcxproj", "{EEB1213A-4188-4C75-96EF-C5E4A43372FC}"
EndProject
Project("{8BC9CEB8-8B4A-11D0-8D11-00A0C91BC942}") = "Prj05", "Prj05\Prj05.vcxproj", "{C969826E-DDE6-48DE-8AB4-1E768E6FFC0C}"
EndProject
Project("{8BC9CEB8-8B4A-11D0-8D11-00A0C91BC942}") = "Prj06", "Prj06\Prj06.vcxproj", "{2A9CC323-A425-4EE3-A1D4-E4BF1C0A2AF8}"
EndProject
Project("{8BC9CEB8-8B4A-11D0-8D11-00A0C91BC942}") = "Prj07", "Prj07\Prj07.vcxproj", "{A6C98EB2-C71F-4711-8735-9FF2A15006CA}"
EndProject
Project("{8BC9CEB8-8B4A-11D0-8D11-00A0C91BC942}") = "Prj08", "Prj08\Prj08.vcxproj", "{8BAB38B9-367B-49CD-8608-0F4781CAF7C5}"
EndProject
Project("{8BC9CEB8-8B4A-11D0-8D11-00A0C91BC942}") = "Prj09", "Prj09\Prj09.vcxproj", "{17EE3B98-A9B2-41A8-9918-193369C585FF}"
EndProject
Project("{8BC9CEB8-8B4A-11D0-8D11-00A0C91BC942}") = "Prj10", "Prj10\Prj10.vcxproj", "{750B74A0-4337-4631-9589-3B48DDCB2411}"
EndProject
Project("{8BC9CEB8-8B4A-11D0-8D11-00A0C91BC942}") = "Prj11", "Prj11\Prj11.vcxproj", "{7C6F3912-911C-4577-9155-CC23370C9778}"
EndProject
Project("{8BC9CEB8-8B4A-11D0-8D11-00A0C91BC942}") = "Prj12", "Prj12\Prj12.vcxproj", "{DDFED280-6CE0-477C-9586-7582052F9A25}"
EndProject
Project("{8BC9CEB8-8B4A-11D0-8D11-00A0C91BC942}") = "Prj13", "Prj13\Prj13.vcxproj", "{117E1C20-5F1A-4378-829A-F59BFBA7960F}"
EndProject
Project("{8BC9CEB8-8B4A-11D0-8D11-00A0C91BC942}") = "Prj14", "Prj14\Prj14.vcxproj", "{805EBFA4-BD61-45B4-994C-CB602F01123F}"
EndProject
Project("{8BC9CEB8-8B4A-11D0-8D11-00A0C91BC942}") = "Prj15", "Prj15\Prj15.vcxproj", "{E96699E8-271A-4AAB-980B-8A46E29ECBAD}"
EndProject
Global
	GlobalSection(SolutionConfigurationPlatforms) = preSolution
		Debug|x64 = Debug|x64
		Debug|x86 = Debug|x86
		Release|x64 = Release|x64
		Release|x86 = Release|x86
	EndGlobalSection
	GlobalSection(ProjectConfigurationPlatforms) = postSolution
		{4D10ED91-7EC3-4B3E-B031-1E36BBBA5B37}.Debug|x64.ActiveCfg = Debug|x64
		{4D10ED91-7EC3-4B3E-B031-1E36BBBA5B37}.Debug|x64.Build.0 = Debug|x64
		{4D10ED91-7EC3-4B3E-B031-1E36BBBA5B37}.Debug|x86.ActiveCfg = Debug|Win32
		{4D10ED91-7EC3-4B3E-B031-1E36BBBA5B37}.Debug|x86.Build.0 = Debug|Win32
		{4D10ED91-7EC3-4B3E-B031-1E36BBBA5B37}.Release|x64.ActiveCfg = Release|x64
		{4D10ED91-7EC3-4B3E-B031-1E36BBBA5B37}.Release|x64.Build.0 = Release|x64
		{4D10ED91-7EC3-4B3E-B031-1E36BBBA5B37}.Release|x86.ActiveCfg = Release|Win32
		{4D10ED91-7EC3-4B3E-B031-1E36BBBA5B37}.Release|x86.Build.0 = Release|Win32
		{DBABB926-80D8-4D6A-9235-086F614EB760}.Debug|x64.ActiveCfg = Debug|x64
		{DBABB926-80D8-4D6A-9235-086F614EB760}.Debug|x64.Build.0 = Debug|x64
		{DBABB926-80D8-4D6A-9235-086F614EB760}.Debug|x86.ActiveCfg = Debug|Win32
		{DBABB926-80D8-4D6A-9235-086F614EB760}.Debug|x86.Build.0 = Debug|Win32
		{DBABB926-80D8-4D6A-9235-086F614EB760}.Release|x64.ActiveCfg = Release|x64
		{DBABB926-80D8-4D6A-9235-086F614EB760}.Release|x64.Build.0 = Release|x64
		{DBABB926-80D8-4D6A-9235-086F614EB760}.Release|x86.ActiveCfg = Release|Win32
		{DBABB926-80D8-4D6A-9235-086F614EB760}.Release|x86.Build.0 = Release|Win32
		{70DEE35E-CBAB-49E8-99C1-6896F9E39AAA}.Debug|x64.ActiveCfg = Debug|x64
		{70DEE35E-CBAB-49E8-99C1-6896F9E39AAA}.Debug|x64.Build.0 = Debug|x64
		{70DEE35E-CBAB-49E8-99C1-6896F9E39AAA}.Debug|x86.ActiveCfg = Debug|Win32
		{70DEE35E-CBAB-49E8-99C1-6896F9E39AAA}.Debug|x86.Build.0 = Debug|Win32
		{70DEE35E-CBAB-49E8-99C1-6896F9E39AAA}.Release|x64.ActiveCfg = Release|x64
		{70DEE35E-CBAB-49E8-99C1-6896F9E39AAA}.Release|x64.Build.0 = Release|x64
		{70DEE35E-CBAB-49E8-99C1-6896F9E39AAA}.Release|x86.ActiveCfg = Release|Win32
		{70DEE35E-CBAB-49E8-99C1-6896F9E39AAA}.Release|x86.Build.0 = Release|Win32
		{EEB1213A-4188-4C75-96EF-C5E4A43372FC}.Debug|x64.ActiveCfg = Debug|x64
		{EEB1213A-4188-4C75-96EF-C5E4A43372FC}.Debug|x64.Build.0 = Debug|x64
		{EEB1213A-4188-4C75-96EF-C5E4A43372FC}.Debug|x86.ActiveCfg = Debug|Win32
		{EEB1213A-4188-4C75-96EF-C5E4A43372FC}.Debug|x86.Build.0 = Debug|Win32
		{EEB1213A-4188-4C75-96EF-C5E4A43372FC}.Release|x64.ActiveCfg = Release|x64
		{EEB1213A-4188-4C75-96EF-C5E4A43372FC}.Release|x64.Build.0 = Release|x64
		{EEB1213A-4188-4C75-96EF-C5E4A43372FC}.Release|x86.ActiveCfg = Release|Win32
		{EEB1213A-4188-4C75-96EF-C5E4A43372FC}.Release|x86.Build.0 = Release|Win32
		{C969826E-DDE6-48DE-8AB4-1E768E6FFC0C}.Debug|x64.ActiveCfg = Debug|x64
		{C969826E-DDE6-48DE-8AB4-1E768E6FFC0C}.Debug|x64.Build.0 = Debug|x64
		{C969826E-DDE6-48DE-8AB4-1E768E6FFC0C}.Debug|x86.ActiveCfg = Debug|Win32
		{C969826E-DDE6-48DE-8AB4-1E768E6FFC0C}.Debug|x86.Build.0 = Debug|Win32
		{C969826E-DDE6-48DE-8AB4-1E768E6FFC0C}.Release|x64.ActiveCfg = Release|x64
		{C969826E-DDE6-48DE-8AB4-1E768E6FFC0C}.Release|x64.Build.0 = Release|x64
		{C969826E-DDE6-48DE-8AB4-1E768E6FFC0C}.Release|x86.ActiveCfg = Release|Win32
		{C969826E-DDE6-48DE-8AB4-1E768E6FFC0C}.Release|x86.Build.0 = Release|Win32
		{2A9CC323-A425-4EE3-A1D4-E4BF1C0A2AF8}.Debug|x64.ActiveCfg = Debug|x64
		{2A9CC323-A425-4EE3-A1D4-E4BF1C0A2AF8}.Debug|x64.Build.0 = Debug|x64
		{2A9CC323-A425-4EE3-A1D4-E4BF1C0A2AF8}.Debug|x86.ActiveCfg = Debug|Win32
		{2A9CC323-A425-4EE3-A1D4-E4BF1C0A2AF8}.Debug|x86.Build.0 = Debug|Win32
		{2A9CC323-A425-4EE3-A1D4-E4BF1C0A2AF8}.Release|x64.ActiveCfg = Release|x64
		{2A9CC323-A425-4EE3-A1D4-E4BF1C0A2AF8}.Release|x64.Build.0 = Release|x64
		{2A9CC323-A425-4EE3-A1D4-E4BF1C0A2AF8}.Release|x86.ActiveCfg = Release|Win32
		{2A9CC323-A425-4EE3-A1D4-E4BF1C0A2AF8}.Release|x86.Build.0 = Release|Win32
		{A6C98EB2-C71F-4711-8735-9FF2A15006CA}.Debug|x64.ActiveCfg = Debug|x64
		{A6C98EB2-C71F-4711-8735-9FF2A15006CA}.Debug|x64.Build.0 = Debug|x64
		{A6C98EB2-C71F-4711-8735-9FF2A15006CA}.Debug|x86.ActiveCfg = Debug|Win32
		{A6C98EB2-C71F-4711-8735-9FF2A15006CA}.Debug|x86.Build.0 = Debug|Win32
		{A6C98EB2-C71F-4711-8735-9FF2A15006CA}.Release|x64.ActiveCfg = Release|x64
		{A6C98EB2-C71F-4711-8735-9FF2A15006CA}.Release|x64.Build.0 = Release|x64
		{A6C98EB2-C71F-4711-8735-9FF2A15006CA}.Release|x86.ActiveCfg = Release|Win32
		{A6C98EB2-C71F-4711-8735-9FF2A15006CA}.Release|x86.Build.0 = Release|Win32
		{8BAB38B9-367B-49CD-8608-0F4781CAF7C5}.Debug|x64.ActiveCfg = Debug|x64
		{8BAB38B9-367B-49CD-8608-0F4781CAF7C5}.Debug|x64.Build.0 = Debug|x64
		{8BAB38B9-367B-49CD-8608-0F4781CAF7C5}.Debug|x86.ActiveCfg = Debug|Win32
		{8BAB38B9-367B-49CD-8608-0F4781CAF7C5}.Debug|x86.Build.0 = Debug|Win32
		{8BAB38B9-367B-49CD-8608-0F4781CAF7C5}.Release|x64.ActiveCfg = Release|x64
		{8BAB38B9-367B-49CD-8608-0F4781CAF7C5}.Release|x64.Build.0 = Release|x64
		{8BAB38B9-367B-49CD-8608-0F4781CAF7C5}.Release|x86.ActiveCfg = Release|Win32
		{8BAB38B9-367B-49CD-8608-0F4781CAF7C5}.Release|x86.Build.0 = Release|Win32
		{17EE3B98-A9B2-41A8-9918-193369C585FF}.Debug|x64.ActiveCfg = Debug|x64
		{17EE3B98-A9B2-41A8-9918-193369C585FF}.Debug|x64.Build.0 = Debug|x64
		{17EE3B98-A9B2-41A8-9918-193369C585FF}.Debug|x86.ActiveCfg = Debug|Win32
		{17EE3B98-A9B2-41A8-9918-193369C585FF}.Debug|x86.Build.0 = Debug|Win32
		{17EE3B98-A9B2-41A8-9918-193369C585FF}.Release|x64.ActiveCfg = Release|x64
		{17EE3B98-A9B2-41A8-9918-193369C585FF}.Release|x64.Build.0 = Release|x64
		{17EE3B98-A9B2-41A8-9918-193369C585FF}.Release|x86.ActiveCfg = Release|Win32
		{17EE3B98-A9B2-41A8-9918-193369C585FF}.Release|x86.Build.0 = Release|Win32
		{750B74A0-4337-4631-9589-3B48DDCB2411}.Debug|x64.ActiveCfg = Debug|x64
		{750B74A0-4337-4631-9589-3B48DDCB2411}.Debug|x64.Build.0 = Debug|x64
		{750B74A0-4337-4631-9589-3B48DDCB2411}.Debug|x86.ActiveCfg = Debug|Win32
		{750B74A0-4337-4631-9589-3B48DDCB2411}.Debug|x86.Build.0 = Debug|Win32
		{750B74A0-4337-4631-9589-3B48DDCB2411}.Release|x64.ActiveCfg = Release|x64
		{750B74A0-4337-4631-9589-3B48DDCB2411}.Release|x64.Build.0 = Release|x64
		{750B74A0-4337-4631-9589-3B48DDCB2411}.Release|x86.ActiveCfg = Release|Win32
		{750B74A0-4337-4631-9589-3B48DDCB2411}.Release|x86.Build.0 = Release|Win32
		{7C6F3912-911C-4577-9155-CC23370C9778}.Debug|x64.ActiveCfg = Debug|x64
		{7C6F3912-911C-4577-9155-CC23370C9778}.Debug|x64.Build.0 = Debug|x64
		{7C6F3912-911C-4577-9155-CC23370C9778}.Debug|x86.ActiveCfg = Debug|Win32
		{7C6F3912-911C-4577-9155-CC23370C9778}.Debug|x86.Build.0 = Debug|Win32
		{7C6F3912-911C-4577-9155-CC23370C9778}.Release|x64.ActiveCfg = Release|x64
		{7C6F3912-911C-4577-9155-CC23370C9778}.Release|x64.Build.0 = Release|x64
		{7C6F3912-911C-4577-9155-CC23370C9778}.Release|x86.ActiveCfg = Release|Win32
		{7C6F3912-911C-4577-9155-CC23370C9778}.Release|x86.Build.0 = Release|Win32
		{DDFED280-6CE0-477C-9586-7582052F9A25}.Debug|x64.ActiveCfg = Debug|x64
		{DDFED280-6CE0-477C-9586-7582052F9A25}.Debug|x64.Build.0 = Debug|x64
		{DDFED280-6CE0-477C-9586-7582052F9A25}.Debug|x86.ActiveCfg = Debug|Win32
		{DDFED280-6CE0-477C-9586-7582052F9A25}.Debug|x86.Build.0 = Debug|Win32
		{DDFED280-6CE0-477C-9586-7582052F9A25}.Release|x64.ActiveCfg = Release|x64
		{DDFED280-6CE0-477C-9586-7582052F9A25}.Release|x64.Build.0 = Release|x64
		{DDFED280-6CE0-477C-9586-7582052F9A25}.Release|x86.ActiveCfg = Release|Win32
		{DDFED280-6CE0-477C-9586-7582052F9A25}.Release|x86.Build.0 = Release|Win32
		{117E1C20-5F1A-4378-829A-F59BFBA7960F}.Debug|x64.ActiveCfg = Debug|x64
		{117E1C20-5F1A-4378-829A-F59BFBA7960F}.Debug|x64.Build.0 = Debug|x64
		{117E1C20-5F1A-4378-829A-F59BFBA7960F}.Debug|x86.ActiveCfg = Debug|Win32
		{117E1C20-5F1A-4378-829A-F59BFBA7960F}.Debug|x86.Build.0 = Debug|Win32
		{117E1C20-5F1A-4378-829A-F59BFBA7960F}.Release|x64.ActiveCfg = Release|x64
		{117E1C20-5F1A-4378-829A-F59BFBA7960F}.Release|x64.Build.0 = Release|x64
		{117E1C20-5F1A-4378-829A-F59BFBA7960F}.Release|x86.ActiveCfg = Release|Win32
		{117E1C20-5F1A-4378-829A-F59BFBA7960F}.Release|x86.Build.0 = Release|Win32
		{805EBFA4-BD61-45B4-994C-CB602F01123F}.Debug|x64.ActiveCfg = Debug|x64
		{805EBFA4-BD61-45B4-994C-CB602F01123F}.Debug|x64.Build.0 = Debug|x64
		{805EBFA4-BD61-45B4-994C-CB602F01123F}.Debug|x86.ActiveCfg = Debug|Win32
		{805EBFA4-BD61-45B4-994C-CB602F01123F}.Debug|x86.Build.0 = Debug|Win32
		{805EBFA4-BD61-45B4-994C-CB602F01123F}.Release|x64.ActiveCfg = Release|x64
		{805EBFA4-BD61-45B4-994C-CB602F01123F}.Release|x64.Build.0 = Release|x64
		{805EBFA4-BD61-45B4-994C-CB602F01123F}.Release|x86.ActiveCfg = Release|Win32
		{805EBFA4-BD61-45B4-994C-CB602F01123F}.Release|x86.Build.0 = Release|Win32
		{E96699E8-271A-4AAB-980B-8A46E29ECBAD}.Debug|x64.ActiveCfg = Debug|x64
		{E96699E8-271A-4AAB-980B-8A46E29ECBAD}.Debug|x64.Build.0 = Debug|x64
		{E96699E8-271A-4AAB-980B-8A46E29ECBAD}.Debug|x86.ActiveCfg = Debug|Win32
		{E96699E8-271A-4AAB-980B-8A46E29ECBAD}.Debug|x86.Build.0 = Debug|Win32
		{E96699E8-271A-4AAB-980B-8A46E29ECBAD}.Release|x64.ActiveCfg = Release|x64
		{E96699E8-271A-4AAB-980B-8A46E29ECBAD}.Release|x64.Build.0 = Release|x64
		{E96699E8-271A-4AAB-980B-8A46E29ECBAD}.Release|x86.ActiveCfg = Release|Win32
		{E96699E8-271A-4AAB-980B-8A46E29ECBAD}.Release|x86.Build.0 = Release|Win32
	EndGlobalSection
	GlobalSection(SolutionProperties) = preSolution
		HideSolutionNode = FALSE
	EndGlobalSection
	GlobalSection(ExtensibilityGlobals) = postSolution
		SolutionGuid = {FF0B13DE-66A2-489C-826E-BBB7238C153E}
	EndGlobalSection
EndGlobal
