
Microsoft Visual Studio Solution File, Format Version 12.00
# Visual Studio Version 17
VisualStudioVersion = 17.4.33213.308
MinimumVisualStudioVersion = 10.0.40219.1
Project("{8BC9CEB8-8B4A-11D0-8D11-00A0C91BC942}") = "Prj01", "Prj01\Prj01.vcxproj", "{ACC3816A-4A38-43E7-9B3F-9BBE8AD0411C}"
EndProject
Project("{8BC9CEB8-8B4A-11D0-8D11-00A0C91BC942}") = "Prj02", "Prj02\Prj02.vcxproj", "{AC63E9B3-B099-4DA7-9024-1FE2E8E253BD}"
EndProject
Project("{8BC9CEB8-8B4A-11D0-8D11-00A0C91BC942}") = "Prj03", "Prj03\Prj03.vcxproj", "{25003E58-F2E1-42A7-9C70-2833D40864A9}"
EndProject
Project("{8BC9CEB8-8B4A-11D0-8D11-00A0C91BC942}") = "Prj04", "Prj04\Prj04.vcxproj", "{1655547A-91CC-4A8E-9C99-1CCEE96C7B21}"
EndProject
Project("{8BC9CEB8-8B4A-11D0-8D11-00A0C91BC942}") = "Prj05", "Prj05\Prj05.vcxproj", "{D5D79A9A-4CC9-478F-8821-14FA0E7E14FA}"
EndProject
Project("{8BC9CEB8-8B4A-11D0-8D11-00A0C91BC942}") = "Prj06", "Prj06\Prj06.vcxproj", "{4052232D-2C36-4661-B2A0-0CAD90005FD3}"
EndProject
Project("{8BC9CEB8-8B4A-11D0-8D11-00A0C91BC942}") = "Prj07", "Prj07\Prj07.vcxproj", "{BF10184E-1C6D-4AD3-856C-AC68C7ECCA6D}"
EndProject
Project("{8BC9CEB8-8B4A-11D0-8D11-00A0C91BC942}") = "Prj08", "Prj08\Prj08.vcxproj", "{8EF72C80-4F1E-4F95-BF10-8A0421C03BC7}"
EndProject
Project("{8BC9CEB8-8B4A-11D0-8D11-00A0C91BC942}") = "Prj09", "Prj09\Prj09.vcxproj", "{08E4D192-1149-4996-8DF4-1AB3CA392F65}"
EndProject
Project("{8BC9CEB8-8B4A-11D0-8D11-00A0C91BC942}") = "Prj10", "Prj10\Prj10.vcxproj", "{CC1C8DC2-E894-45D7-AD5B-AC04519646FA}"
EndProject
Project("{8BC9CEB8-8B4A-11D0-8D11-00A0C91BC942}") = "Prj11", "Prj11\Prj11.vcxproj", "{71C660AE-48B2-4DB6-A188-5D4FD7672226}"
EndProject
Project("{8BC9CEB8-8B4A-11D0-8D11-00A0C91BC942}") = "Prj12", "Prj12\Prj12.vcxproj", "{5C94598F-0178-4C64-8DF3-1A6880F5A3CD}"
EndProject
Project("{8BC9CEB8-8B4A-11D0-8D11-00A0C91BC942}") = "Prj13", "Prj13\Prj13.vcxproj", "{190FDA11-8B34-4152-B5E7-8979AACE1070}"
EndProject
Project("{8BC9CEB8-8B4A-11D0-8D11-00A0C91BC942}") = "Prj14", "Prj14\Prj14.vcxproj", "{196582A6-D290-4C79-B756-3DA8BEC44148}"
EndProject
Global
	GlobalSection(SolutionConfigurationPlatforms) = preSolution
		Debug|x64 = Debug|x64
		Debug|x86 = Debug|x86
		Release|x64 = Release|x64
		Release|x86 = Release|x86
	EndGlobalSection
	GlobalSection(ProjectConfigurationPlatforms) = postSolution
		{ACC3816A-4A38-43E7-9B3F-9BBE8AD0411C}.Debug|x64.ActiveCfg = Debug|x64
		{ACC3816A-4A38-43E7-9B3F-9BBE8AD0411C}.Debug|x64.Build.0 = Debug|x64
		{ACC3816A-4A38-43E7-9B3F-9BBE8AD0411C}.Debug|x86.ActiveCfg = Debug|Win32
		{ACC3816A-4A38-43E7-9B3F-9BBE8AD0411C}.Debug|x86.Build.0 = Debug|Win32
		{ACC3816A-4A38-43E7-9B3F-9BBE8AD0411C}.Release|x64.ActiveCfg = Release|x64
		{ACC3816A-4A38-43E7-9B3F-9BBE8AD0411C}.Release|x64.Build.0 = Release|x64
		{ACC3816A-4A38-43E7-9B3F-9BBE8AD0411C}.Release|x86.ActiveCfg = Release|Win32
		{ACC3816A-4A38-43E7-9B3F-9BBE8AD0411C}.Release|x86.Build.0 = Release|Win32
		{AC63E9B3-B099-4DA7-9024-1FE2E8E253BD}.Debug|x64.ActiveCfg = Debug|x64
		{AC63E9B3-B099-4DA7-9024-1FE2E8E253BD}.Debug|x64.Build.0 = Debug|x64
		{AC63E9B3-B099-4DA7-9024-1FE2E8E253BD}.Debug|x86.ActiveCfg = Debug|Win32
		{AC63E9B3-B099-4DA7-9024-1FE2E8E253BD}.Debug|x86.Build.0 = Debug|Win32
		{AC63E9B3-B099-4DA7-9024-1FE2E8E253BD}.Release|x64.ActiveCfg = Release|x64
		{AC63E9B3-B099-4DA7-9024-1FE2E8E253BD}.Release|x64.Build.0 = Release|x64
		{AC63E9B3-B099-4DA7-9024-1FE2E8E253BD}.Release|x86.ActiveCfg = Release|Win32
		{AC63E9B3-B099-4DA7-9024-1FE2E8E253BD}.Release|x86.Build.0 = Release|Win32
		{25003E58-F2E1-42A7-9C70-2833D40864A9}.Debug|x64.ActiveCfg = Debug|x64
		{25003E58-F2E1-42A7-9C70-2833D40864A9}.Debug|x64.Build.0 = Debug|x64
		{25003E58-F2E1-42A7-9C70-2833D40864A9}.Debug|x86.ActiveCfg = Debug|Win32
		{25003E58-F2E1-42A7-9C70-2833D40864A9}.Debug|x86.Build.0 = Debug|Win32
		{25003E58-F2E1-42A7-9C70-2833D40864A9}.Release|x64.ActiveCfg = Release|x64
		{25003E58-F2E1-42A7-9C70-2833D40864A9}.Release|x64.Build.0 = Release|x64
		{25003E58-F2E1-42A7-9C70-2833D40864A9}.Release|x86.ActiveCfg = Release|Win32
		{25003E58-F2E1-42A7-9C70-2833D40864A9}.Release|x86.Build.0 = Release|Win32
		{1655547A-91CC-4A8E-9C99-1CCEE96C7B21}.Debug|x64.ActiveCfg = Debug|x64
		{1655547A-91CC-4A8E-9C99-1CCEE96C7B21}.Debug|x64.Build.0 = Debug|x64
		{1655547A-91CC-4A8E-9C99-1CCEE96C7B21}.Debug|x86.ActiveCfg = Debug|Win32
		{1655547A-91CC-4A8E-9C99-1CCEE96C7B21}.Debug|x86.Build.0 = Debug|Win32
		{1655547A-91CC-4A8E-9C99-1CCEE96C7B21}.Release|x64.ActiveCfg = Release|x64
		{1655547A-91CC-4A8E-9C99-1CCEE96C7B21}.Release|x64.Build.0 = Release|x64
		{1655547A-91CC-4A8E-9C99-1CCEE96C7B21}.Release|x86.ActiveCfg = Release|Win32
		{1655547A-91CC-4A8E-9C99-1CCEE96C7B21}.Release|x86.Build.0 = Release|Win32
		{D5D79A9A-4CC9-478F-8821-14FA0E7E14FA}.Debug|x64.ActiveCfg = Debug|x64
		{D5D79A9A-4CC9-478F-8821-14FA0E7E14FA}.Debug|x64.Build.0 = Debug|x64
		{D5D79A9A-4CC9-478F-8821-14FA0E7E14FA}.Debug|x86.ActiveCfg = Debug|Win32
		{D5D79A9A-4CC9-478F-8821-14FA0E7E14FA}.Debug|x86.Build.0 = Debug|Win32
		{D5D79A9A-4CC9-478F-8821-14FA0E7E14FA}.Release|x64.ActiveCfg = Release|x64
		{D5D79A9A-4CC9-478F-8821-14FA0E7E14FA}.Release|x64.Build.0 = Release|x64
		{D5D79A9A-4CC9-478F-8821-14FA0E7E14FA}.Release|x86.ActiveCfg = Release|Win32
		{D5D79A9A-4CC9-478F-8821-14FA0E7E14FA}.Release|x86.Build.0 = Release|Win32
		{4052232D-2C36-4661-B2A0-0CAD90005FD3}.Debug|x64.ActiveCfg = Debug|x64
		{4052232D-2C36-4661-B2A0-0CAD90005FD3}.Debug|x64.Build.0 = Debug|x64
		{4052232D-2C36-4661-B2A0-0CAD90005FD3}.Debug|x86.ActiveCfg = Debug|Win32
		{4052232D-2C36-4661-B2A0-0CAD90005FD3}.Debug|x86.Build.0 = Debug|Win32
		{4052232D-2C36-4661-B2A0-0CAD90005FD3}.Release|x64.ActiveCfg = Release|x64
		{4052232D-2C36-4661-B2A0-0CAD90005FD3}.Release|x64.Build.0 = Release|x64
		{4052232D-2C36-4661-B2A0-0CAD90005FD3}.Release|x86.ActiveCfg = Release|Win32
		{4052232D-2C36-4661-B2A0-0CAD90005FD3}.Release|x86.Build.0 = Release|Win32
		{BF10184E-1C6D-4AD3-856C-AC68C7ECCA6D}.Debug|x64.ActiveCfg = Debug|x64
		{BF10184E-1C6D-4AD3-856C-AC68C7ECCA6D}.Debug|x64.Build.0 = Debug|x64
		{BF10184E-1C6D-4AD3-856C-AC68C7ECCA6D}.Debug|x86.ActiveCfg = Debug|Win32
		{BF10184E-1C6D-4AD3-856C-AC68C7ECCA6D}.Debug|x86.Build.0 = Debug|Win32
		{BF10184E-1C6D-4AD3-856C-AC68C7ECCA6D}.Release|x64.ActiveCfg = Release|x64
		{BF10184E-1C6D-4AD3-856C-AC68C7ECCA6D}.Release|x64.Build.0 = Release|x64
		{BF10184E-1C6D-4AD3-856C-AC68C7ECCA6D}.Release|x86.ActiveCfg = Release|Win32
		{BF10184E-1C6D-4AD3-856C-AC68C7ECCA6D}.Release|x86.Build.0 = Release|Win32
		{8EF72C80-4F1E-4F95-BF10-8A0421C03BC7}.Debug|x64.ActiveCfg = Debug|x64
		{8EF72C80-4F1E-4F95-BF10-8A0421C03BC7}.Debug|x64.Build.0 = Debug|x64
		{8EF72C80-4F1E-4F95-BF10-8A0421C03BC7}.Debug|x86.ActiveCfg = Debug|Win32
		{8EF72C80-4F1E-4F95-BF10-8A0421C03BC7}.Debug|x86.Build.0 = Debug|Win32
		{8EF72C80-4F1E-4F95-BF10-8A0421C03BC7}.Release|x64.ActiveCfg = Release|x64
		{8EF72C80-4F1E-4F95-BF10-8A0421C03BC7}.Release|x64.Build.0 = Release|x64
		{8EF72C80-4F1E-4F95-BF10-8A0421C03BC7}.Release|x86.ActiveCfg = Release|Win32
		{8EF72C80-4F1E-4F95-BF10-8A0421C03BC7}.Release|x86.Build.0 = Release|Win32
		{08E4D192-1149-4996-8DF4-1AB3CA392F65}.Debug|x64.ActiveCfg = Debug|x64
		{08E4D192-1149-4996-8DF4-1AB3CA392F65}.Debug|x64.Build.0 = Debug|x64
		{08E4D192-1149-4996-8DF4-1AB3CA392F65}.Debug|x86.ActiveCfg = Debug|Win32
		{08E4D192-1149-4996-8DF4-1AB3CA392F65}.Debug|x86.Build.0 = Debug|Win32
		{08E4D192-1149-4996-8DF4-1AB3CA392F65}.Release|x64.ActiveCfg = Release|x64
		{08E4D192-1149-4996-8DF4-1AB3CA392F65}.Release|x64.Build.0 = Release|x64
		{08E4D192-1149-4996-8DF4-1AB3CA392F65}.Release|x86.ActiveCfg = Release|Win32
		{08E4D192-1149-4996-8DF4-1AB3CA392F65}.Release|x86.Build.0 = Release|Win32
		{CC1C8DC2-E894-45D7-AD5B-AC04519646FA}.Debug|x64.ActiveCfg = Debug|x64
		{CC1C8DC2-E894-45D7-AD5B-AC04519646FA}.Debug|x64.Build.0 = Debug|x64
		{CC1C8DC2-E894-45D7-AD5B-AC04519646FA}.Debug|x86.ActiveCfg = Debug|Win32
		{CC1C8DC2-E894-45D7-AD5B-AC04519646FA}.Debug|x86.Build.0 = Debug|Win32
		{CC1C8DC2-E894-45D7-AD5B-AC04519646FA}.Release|x64.ActiveCfg = Release|x64
		{CC1C8DC2-E894-45D7-AD5B-AC04519646FA}.Release|x64.Build.0 = Release|x64
		{CC1C8DC2-E894-45D7-AD5B-AC04519646FA}.Release|x86.ActiveCfg = Release|Win32
		{CC1C8DC2-E894-45D7-AD5B-AC04519646FA}.Release|x86.Build.0 = Release|Win32
		{71C660AE-48B2-4DB6-A188-5D4FD7672226}.Debug|x64.ActiveCfg = Debug|x64
		{71C660AE-48B2-4DB6-A188-5D4FD7672226}.Debug|x64.Build.0 = Debug|x64
		{71C660AE-48B2-4DB6-A188-5D4FD7672226}.Debug|x86.ActiveCfg = Debug|Win32
		{71C660AE-48B2-4DB6-A188-5D4FD7672226}.Debug|x86.Build.0 = Debug|Win32
		{71C660AE-48B2-4DB6-A188-5D4FD7672226}.Release|x64.ActiveCfg = Release|x64
		{71C660AE-48B2-4DB6-A188-5D4FD7672226}.Release|x64.Build.0 = Release|x64
		{71C660AE-48B2-4DB6-A188-5D4FD7672226}.Release|x86.ActiveCfg = Release|Win32
		{71C660AE-48B2-4DB6-A188-5D4FD7672226}.Release|x86.Build.0 = Release|Win32
		{5C94598F-0178-4C64-8DF3-1A6880F5A3CD}.Debug|x64.ActiveCfg = Debug|x64
		{5C94598F-0178-4C64-8DF3-1A6880F5A3CD}.Debug|x64.Build.0 = Debug|x64
		{5C94598F-0178-4C64-8DF3-1A6880F5A3CD}.Debug|x86.ActiveCfg = Debug|Win32
		{5C94598F-0178-4C64-8DF3-1A6880F5A3CD}.Debug|x86.Build.0 = Debug|Win32
		{5C94598F-0178-4C64-8DF3-1A6880F5A3CD}.Release|x64.ActiveCfg = Release|x64
		{5C94598F-0178-4C64-8DF3-1A6880F5A3CD}.Release|x64.Build.0 = Release|x64
		{5C94598F-0178-4C64-8DF3-1A6880F5A3CD}.Release|x86.ActiveCfg = Release|Win32
		{5C94598F-0178-4C64-8DF3-1A6880F5A3CD}.Release|x86.Build.0 = Release|Win32
		{190FDA11-8B34-4152-B5E7-8979AACE1070}.Debug|x64.ActiveCfg = Debug|x64
		{190FDA11-8B34-4152-B5E7-8979AACE1070}.Debug|x64.Build.0 = Debug|x64
		{190FDA11-8B34-4152-B5E7-8979AACE1070}.Debug|x86.ActiveCfg = Debug|Win32
		{190FDA11-8B34-4152-B5E7-8979AACE1070}.Debug|x86.Build.0 = Debug|Win32
		{190FDA11-8B34-4152-B5E7-8979AACE1070}.Release|x64.ActiveCfg = Release|x64
		{190FDA11-8B34-4152-B5E7-8979AACE1070}.Release|x64.Build.0 = Release|x64
		{190FDA11-8B34-4152-B5E7-8979AACE1070}.Release|x86.ActiveCfg = Release|Win32
		{190FDA11-8B34-4152-B5E7-8979AACE1070}.Release|x86.Build.0 = Release|Win32
		{196582A6-D290-4C79-B756-3DA8BEC44148}.Debug|x64.ActiveCfg = Debug|x64
		{196582A6-D290-4C79-B756-3DA8BEC44148}.Debug|x64.Build.0 = Debug|x64
		{196582A6-D290-4C79-B756-3DA8BEC44148}.Debug|x86.ActiveCfg = Debug|Win32
		{196582A6-D290-4C79-B756-3DA8BEC44148}.Debug|x86.Build.0 = Debug|Win32
		{196582A6-D290-4C79-B756-3DA8BEC44148}.Release|x64.ActiveCfg = Release|x64
		{196582A6-D290-4C79-B756-3DA8BEC44148}.Release|x64.Build.0 = Release|x64
		{196582A6-D290-4C79-B756-3DA8BEC44148}.Release|x86.ActiveCfg = Release|Win32
		{196582A6-D290-4C79-B756-3DA8BEC44148}.Release|x86.Build.0 = Release|Win32
	EndGlobalSection
	GlobalSection(SolutionProperties) = preSolution
		HideSolutionNode = FALSE
	EndGlobalSection
	GlobalSection(ExtensibilityGlobals) = postSolution
		SolutionGuid = {768C263B-6427-4677-9DB5-2BD1A93A558A}
	EndGlobalSection
EndGlobal
