
Microsoft Visual Studio Solution File, Format Version 12.00
# Visual Studio Version 17
VisualStudioVersion = 17.4.33213.308
MinimumVisualStudioVersion = 10.0.40219.1
Project("{8BC9CEB8-8B4A-11D0-8D11-00A0C91BC942}") = "Prj01", "Prj01\Prj01.vcxproj", "{E1227556-C9E1-439F-8103-4CF709631CAC}"
EndProject
Project("{8BC9CEB8-8B4A-11D0-8D11-00A0C91BC942}") = "Prj02", "Prj02\Prj02.vcxproj", "{D91EA80D-883A-4384-81D9-61248DB66299}"
EndProject
Project("{8BC9CEB8-8B4A-11D0-8D11-00A0C91BC942}") = "Prj03", "Prj03\Prj03.vcxproj", "{89F1D56D-4E04-48FD-B675-F0360040A959}"
EndProject
Project("{8BC9CEB8-8B4A-11D0-8D11-00A0C91BC942}") = "Prj04", "Prj04\Prj04.vcxproj", "{698F425D-6379-41DE-BC2D-8D111E2D9CCB}"
EndProject
Project("{8BC9CEB8-8B4A-11D0-8D11-00A0C91BC942}") = "Prj05", "Prj05\Prj05.vcxproj", "{E627D874-C944-4B6E-A1B4-066194DC7209}"
EndProject
Project("{8BC9CEB8-8B4A-11D0-8D11-00A0C91BC942}") = "Prj06", "Prj06\Prj06.vcxproj", "{4F9B884B-BE24-4632-8876-D8D490924779}"
EndProject
Project("{8BC9CEB8-8B4A-11D0-8D11-00A0C91BC942}") = "Prj07", "Prj07\Prj07.vcxproj", "{CBBE3592-E50B-407A-B8D4-61B3F8F9AE3C}"
EndProject
Project("{8BC9CEB8-8B4A-11D0-8D11-00A0C91BC942}") = "Prj08", "Prj08\Prj08.vcxproj", "{0DF83416-10C9-49C6-943E-47325918E1E6}"
EndProject
Project("{8BC9CEB8-8B4A-11D0-8D11-00A0C91BC942}") = "Prj09", "Prj09\Prj09.vcxproj", "{7C587C63-9712-4BEC-94C5-0CF52A902962}"
EndProject
Project("{8BC9CEB8-8B4A-11D0-8D11-00A0C91BC942}") = "Prj10", "Prj10\Prj10.vcxproj", "{3D8923FF-AF76-4D1B-B652-24AF2423EFCC}"
EndProject
Project("{8BC9CEB8-8B4A-11D0-8D11-00A0C91BC942}") = "Prj11", "Prj11\Prj11.vcxproj", "{947FBF34-9962-4A0E-88BF-26FDF613DC3E}"
EndProject
Project("{8BC9CEB8-8B4A-11D0-8D11-00A0C91BC942}") = "Prj12", "Prj12\Prj12.vcxproj", "{58F3F568-AE1D-42D2-9247-546F7D9115F3}"
EndProject
Project("{8BC9CEB8-8B4A-11D0-8D11-00A0C91BC942}") = "Prj13", "Prj13\Prj13.vcxproj", "{B8664367-409B-4DDB-8F6C-BB7040F1ED22}"
EndProject
Project("{8BC9CEB8-8B4A-11D0-8D11-00A0C91BC942}") = "Prj14", "Prj14\Prj14.vcxproj", "{F1D0EC9A-4AFA-49C6-A653-C156A1CBD718}"
EndProject
Project("{8BC9CEB8-8B4A-11D0-8D11-00A0C91BC942}") = "Lab3-3", "Lab3-3\Lab3-3.vcxproj", "{D2B4F45C-FAA0-4E73-90FF-C6F24ED61BAC}"
EndProject
Project("{8BC9CEB8-8B4A-11D0-8D11-00A0C91BC942}") = "practice", "practice\practice.vcxproj", "{B1F0EBF5-7B2C-43A7-9C4D-3347DF4CDFFA}"
EndProject
Global
	GlobalSection(SolutionConfigurationPlatforms) = preSolution
		Debug|x64 = Debug|x64
		Debug|x86 = Debug|x86
		Release|x64 = Release|x64
		Release|x86 = Release|x86
	EndGlobalSection
	GlobalSection(ProjectConfigurationPlatforms) = postSolution
		{E1227556-C9E1-439F-8103-4CF709631CAC}.Debug|x64.ActiveCfg = Debug|x64
		{E1227556-C9E1-439F-8103-4CF709631CAC}.Debug|x64.Build.0 = Debug|x64
		{E1227556-C9E1-439F-8103-4CF709631CAC}.Debug|x86.ActiveCfg = Debug|Win32
		{E1227556-C9E1-439F-8103-4CF709631CAC}.Debug|x86.Build.0 = Debug|Win32
		{E1227556-C9E1-439F-8103-4CF709631CAC}.Release|x64.ActiveCfg = Release|x64
		{E1227556-C9E1-439F-8103-4CF709631CAC}.Release|x64.Build.0 = Release|x64
		{E1227556-C9E1-439F-8103-4CF709631CAC}.Release|x86.ActiveCfg = Release|Win32
		{E1227556-C9E1-439F-8103-4CF709631CAC}.Release|x86.Build.0 = Release|Win32
		{D91EA80D-883A-4384-81D9-61248DB66299}.Debug|x64.ActiveCfg = Debug|x64
		{D91EA80D-883A-4384-81D9-61248DB66299}.Debug|x64.Build.0 = Debug|x64
		{D91EA80D-883A-4384-81D9-61248DB66299}.Debug|x86.ActiveCfg = Debug|Win32
		{D91EA80D-883A-4384-81D9-61248DB66299}.Debug|x86.Build.0 = Debug|Win32
		{D91EA80D-883A-4384-81D9-61248DB66299}.Release|x64.ActiveCfg = Release|x64
		{D91EA80D-883A-4384-81D9-61248DB66299}.Release|x64.Build.0 = Release|x64
		{D91EA80D-883A-4384-81D9-61248DB66299}.Release|x86.ActiveCfg = Release|Win32
		{D91EA80D-883A-4384-81D9-61248DB66299}.Release|x86.Build.0 = Release|Win32
		{89F1D56D-4E04-48FD-B675-F0360040A959}.Debug|x64.ActiveCfg = Debug|x64
		{89F1D56D-4E04-48FD-B675-F0360040A959}.Debug|x64.Build.0 = Debug|x64
		{89F1D56D-4E04-48FD-B675-F0360040A959}.Debug|x86.ActiveCfg = Debug|Win32
		{89F1D56D-4E04-48FD-B675-F0360040A959}.Debug|x86.Build.0 = Debug|Win32
		{89F1D56D-4E04-48FD-B675-F0360040A959}.Release|x64.ActiveCfg = Release|x64
		{89F1D56D-4E04-48FD-B675-F0360040A959}.Release|x64.Build.0 = Release|x64
		{89F1D56D-4E04-48FD-B675-F0360040A959}.Release|x86.ActiveCfg = Release|Win32
		{89F1D56D-4E04-48FD-B675-F0360040A959}.Release|x86.Build.0 = Release|Win32
		{698F425D-6379-41DE-BC2D-8D111E2D9CCB}.Debug|x64.ActiveCfg = Debug|x64
		{698F425D-6379-41DE-BC2D-8D111E2D9CCB}.Debug|x64.Build.0 = Debug|x64
		{698F425D-6379-41DE-BC2D-8D111E2D9CCB}.Debug|x86.ActiveCfg = Debug|Win32
		{698F425D-6379-41DE-BC2D-8D111E2D9CCB}.Debug|x86.Build.0 = Debug|Win32
		{698F425D-6379-41DE-BC2D-8D111E2D9CCB}.Release|x64.ActiveCfg = Release|x64
		{698F425D-6379-41DE-BC2D-8D111E2D9CCB}.Release|x64.Build.0 = Release|x64
		{698F425D-6379-41DE-BC2D-8D111E2D9CCB}.Release|x86.ActiveCfg = Release|Win32
		{698F425D-6379-41DE-BC2D-8D111E2D9CCB}.Release|x86.Build.0 = Release|Win32
		{E627D874-C944-4B6E-A1B4-066194DC7209}.Debug|x64.ActiveCfg = Debug|x64
		{E627D874-C944-4B6E-A1B4-066194DC7209}.Debug|x64.Build.0 = Debug|x64
		{E627D874-C944-4B6E-A1B4-066194DC7209}.Debug|x86.ActiveCfg = Debug|Win32
		{E627D874-C944-4B6E-A1B4-066194DC7209}.Debug|x86.Build.0 = Debug|Win32
		{E627D874-C944-4B6E-A1B4-066194DC7209}.Release|x64.ActiveCfg = Release|x64
		{E627D874-C944-4B6E-A1B4-066194DC7209}.Release|x64.Build.0 = Release|x64
		{E627D874-C944-4B6E-A1B4-066194DC7209}.Release|x86.ActiveCfg = Release|Win32
		{E627D874-C944-4B6E-A1B4-066194DC7209}.Release|x86.Build.0 = Release|Win32
		{4F9B884B-BE24-4632-8876-D8D490924779}.Debug|x64.ActiveCfg = Debug|x64
		{4F9B884B-BE24-4632-8876-D8D490924779}.Debug|x64.Build.0 = Debug|x64
		{4F9B884B-BE24-4632-8876-D8D490924779}.Debug|x86.ActiveCfg = Debug|Win32
		{4F9B884B-BE24-4632-8876-D8D490924779}.Debug|x86.Build.0 = Debug|Win32
		{4F9B884B-BE24-4632-8876-D8D490924779}.Release|x64.ActiveCfg = Release|x64
		{4F9B884B-BE24-4632-8876-D8D490924779}.Release|x64.Build.0 = Release|x64
		{4F9B884B-BE24-4632-8876-D8D490924779}.Release|x86.ActiveCfg = Release|Win32
		{4F9B884B-BE24-4632-8876-D8D490924779}.Release|x86.Build.0 = Release|Win32
		{CBBE3592-E50B-407A-B8D4-61B3F8F9AE3C}.Debug|x64.ActiveCfg = Debug|x64
		{CBBE3592-E50B-407A-B8D4-61B3F8F9AE3C}.Debug|x64.Build.0 = Debug|x64
		{CBBE3592-E50B-407A-B8D4-61B3F8F9AE3C}.Debug|x86.ActiveCfg = Debug|Win32
		{CBBE3592-E50B-407A-B8D4-61B3F8F9AE3C}.Debug|x86.Build.0 = Debug|Win32
		{CBBE3592-E50B-407A-B8D4-61B3F8F9AE3C}.Release|x64.ActiveCfg = Release|x64
		{CBBE3592-E50B-407A-B8D4-61B3F8F9AE3C}.Release|x64.Build.0 = Release|x64
		{CBBE3592-E50B-407A-B8D4-61B3F8F9AE3C}.Release|x86.ActiveCfg = Release|Win32
		{CBBE3592-E50B-407A-B8D4-61B3F8F9AE3C}.Release|x86.Build.0 = Release|Win32
		{0DF83416-10C9-49C6-943E-47325918E1E6}.Debug|x64.ActiveCfg = Debug|x64
		{0DF83416-10C9-49C6-943E-47325918E1E6}.Debug|x64.Build.0 = Debug|x64
		{0DF83416-10C9-49C6-943E-47325918E1E6}.Debug|x86.ActiveCfg = Debug|Win32
		{0DF83416-10C9-49C6-943E-47325918E1E6}.Debug|x86.Build.0 = Debug|Win32
		{0DF83416-10C9-49C6-943E-47325918E1E6}.Release|x64.ActiveCfg = Release|x64
		{0DF83416-10C9-49C6-943E-47325918E1E6}.Release|x64.Build.0 = Release|x64
		{0DF83416-10C9-49C6-943E-47325918E1E6}.Release|x86.ActiveCfg = Release|Win32
		{0DF83416-10C9-49C6-943E-47325918E1E6}.Release|x86.Build.0 = Release|Win32
		{7C587C63-9712-4BEC-94C5-0CF52A902962}.Debug|x64.ActiveCfg = Debug|x64
		{7C587C63-9712-4BEC-94C5-0CF52A902962}.Debug|x64.Build.0 = Debug|x64
		{7C587C63-9712-4BEC-94C5-0CF52A902962}.Debug|x86.ActiveCfg = Debug|Win32
		{7C587C63-9712-4BEC-94C5-0CF52A902962}.Debug|x86.Build.0 = Debug|Win32
		{7C587C63-9712-4BEC-94C5-0CF52A902962}.Release|x64.ActiveCfg = Release|x64
		{7C587C63-9712-4BEC-94C5-0CF52A902962}.Release|x64.Build.0 = Release|x64
		{7C587C63-9712-4BEC-94C5-0CF52A902962}.Release|x86.ActiveCfg = Release|Win32
		{7C587C63-9712-4BEC-94C5-0CF52A902962}.Release|x86.Build.0 = Release|Win32
		{3D8923FF-AF76-4D1B-B652-24AF2423EFCC}.Debug|x64.ActiveCfg = Debug|x64
		{3D8923FF-AF76-4D1B-B652-24AF2423EFCC}.Debug|x64.Build.0 = Debug|x64
		{3D8923FF-AF76-4D1B-B652-24AF2423EFCC}.Debug|x86.ActiveCfg = Debug|Win32
		{3D8923FF-AF76-4D1B-B652-24AF2423EFCC}.Debug|x86.Build.0 = Debug|Win32
		{3D8923FF-AF76-4D1B-B652-24AF2423EFCC}.Release|x64.ActiveCfg = Release|x64
		{3D8923FF-AF76-4D1B-B652-24AF2423EFCC}.Release|x64.Build.0 = Release|x64
		{3D8923FF-AF76-4D1B-B652-24AF2423EFCC}.Release|x86.ActiveCfg = Release|Win32
		{3D8923FF-AF76-4D1B-B652-24AF2423EFCC}.Release|x86.Build.0 = Release|Win32
		{947FBF34-9962-4A0E-88BF-26FDF613DC3E}.Debug|x64.ActiveCfg = Debug|x64
		{947FBF34-9962-4A0E-88BF-26FDF613DC3E}.Debug|x64.Build.0 = Debug|x64
		{947FBF34-9962-4A0E-88BF-26FDF613DC3E}.Debug|x86.ActiveCfg = Debug|Win32
		{947FBF34-9962-4A0E-88BF-26FDF613DC3E}.Debug|x86.Build.0 = Debug|Win32
		{947FBF34-9962-4A0E-88BF-26FDF613DC3E}.Release|x64.ActiveCfg = Release|x64
		{947FBF34-9962-4A0E-88BF-26FDF613DC3E}.Release|x64.Build.0 = Release|x64
		{947FBF34-9962-4A0E-88BF-26FDF613DC3E}.Release|x86.ActiveCfg = Release|Win32
		{947FBF34-9962-4A0E-88BF-26FDF613DC3E}.Release|x86.Build.0 = Release|Win32
		{58F3F568-AE1D-42D2-9247-546F7D9115F3}.Debug|x64.ActiveCfg = Debug|x64
		{58F3F568-AE1D-42D2-9247-546F7D9115F3}.Debug|x64.Build.0 = Debug|x64
		{58F3F568-AE1D-42D2-9247-546F7D9115F3}.Debug|x86.ActiveCfg = Debug|Win32
		{58F3F568-AE1D-42D2-9247-546F7D9115F3}.Debug|x86.Build.0 = Debug|Win32
		{58F3F568-AE1D-42D2-9247-546F7D9115F3}.Release|x64.ActiveCfg = Release|x64
		{58F3F568-AE1D-42D2-9247-546F7D9115F3}.Release|x64.Build.0 = Release|x64
		{58F3F568-AE1D-42D2-9247-546F7D9115F3}.Release|x86.ActiveCfg = Release|Win32
		{58F3F568-AE1D-42D2-9247-546F7D9115F3}.Release|x86.Build.0 = Release|Win32
		{B8664367-409B-4DDB-8F6C-BB7040F1ED22}.Debug|x64.ActiveCfg = Debug|x64
		{B8664367-409B-4DDB-8F6C-BB7040F1ED22}.Debug|x64.Build.0 = Debug|x64
		{B8664367-409B-4DDB-8F6C-BB7040F1ED22}.Debug|x86.ActiveCfg = Debug|Win32
		{B8664367-409B-4DDB-8F6C-BB7040F1ED22}.Debug|x86.Build.0 = Debug|Win32
		{B8664367-409B-4DDB-8F6C-BB7040F1ED22}.Release|x64.ActiveCfg = Release|x64
		{B8664367-409B-4DDB-8F6C-BB7040F1ED22}.Release|x64.Build.0 = Release|x64
		{B8664367-409B-4DDB-8F6C-BB7040F1ED22}.Release|x86.ActiveCfg = Release|Win32
		{B8664367-409B-4DDB-8F6C-BB7040F1ED22}.Release|x86.Build.0 = Release|Win32
		{F1D0EC9A-4AFA-49C6-A653-C156A1CBD718}.Debug|x64.ActiveCfg = Debug|x64
		{F1D0EC9A-4AFA-49C6-A653-C156A1CBD718}.Debug|x64.Build.0 = Debug|x64
		{F1D0EC9A-4AFA-49C6-A653-C156A1CBD718}.Debug|x86.ActiveCfg = Debug|Win32
		{F1D0EC9A-4AFA-49C6-A653-C156A1CBD718}.Debug|x86.Build.0 = Debug|Win32
		{F1D0EC9A-4AFA-49C6-A653-C156A1CBD718}.Release|x64.ActiveCfg = Release|x64
		{F1D0EC9A-4AFA-49C6-A653-C156A1CBD718}.Release|x64.Build.0 = Release|x64
		{F1D0EC9A-4AFA-49C6-A653-C156A1CBD718}.Release|x86.ActiveCfg = Release|Win32
		{F1D0EC9A-4AFA-49C6-A653-C156A1CBD718}.Release|x86.Build.0 = Release|Win32
		{D2B4F45C-FAA0-4E73-90FF-C6F24ED61BAC}.Debug|x64.ActiveCfg = Debug|x64
		{D2B4F45C-FAA0-4E73-90FF-C6F24ED61BAC}.Debug|x64.Build.0 = Debug|x64
		{D2B4F45C-FAA0-4E73-90FF-C6F24ED61BAC}.Debug|x86.ActiveCfg = Debug|Win32
		{D2B4F45C-FAA0-4E73-90FF-C6F24ED61BAC}.Debug|x86.Build.0 = Debug|Win32
		{D2B4F45C-FAA0-4E73-90FF-C6F24ED61BAC}.Release|x64.ActiveCfg = Release|x64
		{D2B4F45C-FAA0-4E73-90FF-C6F24ED61BAC}.Release|x64.Build.0 = Release|x64
		{D2B4F45C-FAA0-4E73-90FF-C6F24ED61BAC}.Release|x86.ActiveCfg = Release|Win32
		{D2B4F45C-FAA0-4E73-90FF-C6F24ED61BAC}.Release|x86.Build.0 = Release|Win32
		{B1F0EBF5-7B2C-43A7-9C4D-3347DF4CDFFA}.Debug|x64.ActiveCfg = Debug|x64
		{B1F0EBF5-7B2C-43A7-9C4D-3347DF4CDFFA}.Debug|x64.Build.0 = Debug|x64
		{B1F0EBF5-7B2C-43A7-9C4D-3347DF4CDFFA}.Debug|x86.ActiveCfg = Debug|Win32
		{B1F0EBF5-7B2C-43A7-9C4D-3347DF4CDFFA}.Debug|x86.Build.0 = Debug|Win32
		{B1F0EBF5-7B2C-43A7-9C4D-3347DF4CDFFA}.Release|x64.ActiveCfg = Release|x64
		{B1F0EBF5-7B2C-43A7-9C4D-3347DF4CDFFA}.Release|x64.Build.0 = Release|x64
		{B1F0EBF5-7B2C-43A7-9C4D-3347DF4CDFFA}.Release|x86.ActiveCfg = Release|Win32
		{B1F0EBF5-7B2C-43A7-9C4D-3347DF4CDFFA}.Release|x86.Build.0 = Release|Win32
	EndGlobalSection
	GlobalSection(SolutionProperties) = preSolution
		HideSolutionNode = FALSE
	EndGlobalSection
	GlobalSection(ExtensibilityGlobals) = postSolution
		SolutionGuid = {A9DED9D5-52DB-4420-A67F-3A099E76C8FA}
	EndGlobalSection
EndGlobal
