
Microsoft Visual Studio Solution File, Format Version 12.00
# Visual Studio Version 17
VisualStudioVersion = 17.4.33213.308
MinimumVisualStudioVersion = 10.0.40219.1
Project("{8BC9CEB8-8B4A-11D0-8D11-00A0C91BC942}") = "Prj01", "Prj01\Prj01.vcxproj", "{8916B11E-743B-428A-B9C7-D4C756AA7DAC}"
EndProject
Project("{8BC9CEB8-8B4A-11D0-8D11-00A0C91BC942}") = "Prj02", "Prj02\Prj02.vcxproj", "{2B04BB47-E057-4872-96BD-B49F636AA74E}"
EndProject
Project("{8BC9CEB8-8B4A-11D0-8D11-00A0C91BC942}") = "Prj03", "Prj03\Prj03.vcxproj", "{AD82D539-27A8-4B5E-8920-81E3536F6245}"
EndProject
Project("{8BC9CEB8-8B4A-11D0-8D11-00A0C91BC942}") = "Prj04", "Prj04\Prj04.vcxproj", "{53F97EAD-886F-4593-8F78-9B8AAC128CB3}"
EndProject
Project("{8BC9CEB8-8B4A-11D0-8D11-00A0C91BC942}") = "Prj05", "Prj05\Prj05.vcxproj", "{8070DE76-A31B-4B10-A4B6-CF4ABA64A186}"
EndProject
Project("{8BC9CEB8-8B4A-11D0-8D11-00A0C91BC942}") = "Prj06", "Prj06\Prj06.vcxproj", "{A5B1EC96-79CC-44D8-BCAC-3867D2B5DC95}"
EndProject
Project("{8BC9CEB8-8B4A-11D0-8D11-00A0C91BC942}") = "Prj07", "Prj07\Prj07.vcxproj", "{C6B0462E-9BF3-4595-81F3-EB169007F81F}"
EndProject
Project("{8BC9CEB8-8B4A-11D0-8D11-00A0C91BC942}") = "Prj08", "Prj08\Prj08.vcxproj", "{F473EC56-9401-416C-AF6D-75AA038F3190}"
EndProject
Project("{8BC9CEB8-8B4A-11D0-8D11-00A0C91BC942}") = "Prj09", "Prj09\Prj09.vcxproj", "{E1BD34CC-820E-4512-8F98-EB9EAB96AA1E}"
EndProject
Global
	GlobalSection(SolutionConfigurationPlatforms) = preSolution
		Debug|x64 = Debug|x64
		Debug|x86 = Debug|x86
		Release|x64 = Release|x64
		Release|x86 = Release|x86
	EndGlobalSection
	GlobalSection(ProjectConfigurationPlatforms) = postSolution
		{8916B11E-743B-428A-B9C7-D4C756AA7DAC}.Debug|x64.ActiveCfg = Debug|x64
		{8916B11E-743B-428A-B9C7-D4C756AA7DAC}.Debug|x64.Build.0 = Debug|x64
		{8916B11E-743B-428A-B9C7-D4C756AA7DAC}.Debug|x86.ActiveCfg = Debug|Win32
		{8916B11E-743B-428A-B9C7-D4C756AA7DAC}.Debug|x86.Build.0 = Debug|Win32
		{8916B11E-743B-428A-B9C7-D4C756AA7DAC}.Release|x64.ActiveCfg = Release|x64
		{8916B11E-743B-428A-B9C7-D4C756AA7DAC}.Release|x64.Build.0 = Release|x64
		{8916B11E-743B-428A-B9C7-D4C756AA7DAC}.Release|x86.ActiveCfg = Release|Win32
		{8916B11E-743B-428A-B9C7-D4C756AA7DAC}.Release|x86.Build.0 = Release|Win32
		{2B04BB47-E057-4872-96BD-B49F636AA74E}.Debug|x64.ActiveCfg = Debug|x64
		{2B04BB47-E057-4872-96BD-B49F636AA74E}.Debug|x64.Build.0 = Debug|x64
		{2B04BB47-E057-4872-96BD-B49F636AA74E}.Debug|x86.ActiveCfg = Debug|Win32
		{2B04BB47-E057-4872-96BD-B49F636AA74E}.Debug|x86.Build.0 = Debug|Win32
		{2B04BB47-E057-4872-96BD-B49F636AA74E}.Release|x64.ActiveCfg = Release|x64
		{2B04BB47-E057-4872-96BD-B49F636AA74E}.Release|x64.Build.0 = Release|x64
		{2B04BB47-E057-4872-96BD-B49F636AA74E}.Release|x86.ActiveCfg = Release|Win32
		{2B04BB47-E057-4872-96BD-B49F636AA74E}.Release|x86.Build.0 = Release|Win32
		{AD82D539-27A8-4B5E-8920-81E3536F6245}.Debug|x64.ActiveCfg = Debug|x64
		{AD82D539-27A8-4B5E-8920-81E3536F6245}.Debug|x64.Build.0 = Debug|x64
		{AD82D539-27A8-4B5E-8920-81E3536F6245}.Debug|x86.ActiveCfg = Debug|Win32
		{AD82D539-27A8-4B5E-8920-81E3536F6245}.Debug|x86.Build.0 = Debug|Win32
		{AD82D539-27A8-4B5E-8920-81E3536F6245}.Release|x64.ActiveCfg = Release|x64
		{AD82D539-27A8-4B5E-8920-81E3536F6245}.Release|x64.Build.0 = Release|x64
		{AD82D539-27A8-4B5E-8920-81E3536F6245}.Release|x86.ActiveCfg = Release|Win32
		{AD82D539-27A8-4B5E-8920-81E3536F6245}.Release|x86.Build.0 = Release|Win32
		{53F97EAD-886F-4593-8F78-9B8AAC128CB3}.Debug|x64.ActiveCfg = Debug|x64
		{53F97EAD-886F-4593-8F78-9B8AAC128CB3}.Debug|x64.Build.0 = Debug|x64
		{53F97EAD-886F-4593-8F78-9B8AAC128CB3}.Debug|x86.ActiveCfg = Debug|Win32
		{53F97EAD-886F-4593-8F78-9B8AAC128CB3}.Debug|x86.Build.0 = Debug|Win32
		{53F97EAD-886F-4593-8F78-9B8AAC128CB3}.Release|x64.ActiveCfg = Release|x64
		{53F97EAD-886F-4593-8F78-9B8AAC128CB3}.Release|x64.Build.0 = Release|x64
		{53F97EAD-886F-4593-8F78-9B8AAC128CB3}.Release|x86.ActiveCfg = Release|Win32
		{53F97EAD-886F-4593-8F78-9B8AAC128CB3}.Release|x86.Build.0 = Release|Win32
		{8070DE76-A31B-4B10-A4B6-CF4ABA64A186}.Debug|x64.ActiveCfg = Debug|x64
		{8070DE76-A31B-4B10-A4B6-CF4ABA64A186}.Debug|x64.Build.0 = Debug|x64
		{8070DE76-A31B-4B10-A4B6-CF4ABA64A186}.Debug|x86.ActiveCfg = Debug|Win32
		{8070DE76-A31B-4B10-A4B6-CF4ABA64A186}.Debug|x86.Build.0 = Debug|Win32
		{8070DE76-A31B-4B10-A4B6-CF4ABA64A186}.Release|x64.ActiveCfg = Release|x64
		{8070DE76-A31B-4B10-A4B6-CF4ABA64A186}.Release|x64.Build.0 = Release|x64
		{8070DE76-A31B-4B10-A4B6-CF4ABA64A186}.Release|x86.ActiveCfg = Release|Win32
		{8070DE76-A31B-4B10-A4B6-CF4ABA64A186}.Release|x86.Build.0 = Release|Win32
		{A5B1EC96-79CC-44D8-BCAC-3867D2B5DC95}.Debug|x64.ActiveCfg = Debug|x64
		{A5B1EC96-79CC-44D8-BCAC-3867D2B5DC95}.Debug|x64.Build.0 = Debug|x64
		{A5B1EC96-79CC-44D8-BCAC-3867D2B5DC95}.Debug|x86.ActiveCfg = Debug|Win32
		{A5B1EC96-79CC-44D8-BCAC-3867D2B5DC95}.Debug|x86.Build.0 = Debug|Win32
		{A5B1EC96-79CC-44D8-BCAC-3867D2B5DC95}.Release|x64.ActiveCfg = Release|x64
		{A5B1EC96-79CC-44D8-BCAC-3867D2B5DC95}.Release|x64.Build.0 = Release|x64
		{A5B1EC96-79CC-44D8-BCAC-3867D2B5DC95}.Release|x86.ActiveCfg = Release|Win32
		{A5B1EC96-79CC-44D8-BCAC-3867D2B5DC95}.Release|x86.Build.0 = Release|Win32
		{C6B0462E-9BF3-4595-81F3-EB169007F81F}.Debug|x64.ActiveCfg = Debug|x64
		{C6B0462E-9BF3-4595-81F3-EB169007F81F}.Debug|x64.Build.0 = Debug|x64
		{C6B0462E-9BF3-4595-81F3-EB169007F81F}.Debug|x86.ActiveCfg = Debug|Win32
		{C6B0462E-9BF3-4595-81F3-EB169007F81F}.Debug|x86.Build.0 = Debug|Win32
		{C6B0462E-9BF3-4595-81F3-EB169007F81F}.Release|x64.ActiveCfg = Release|x64
		{C6B0462E-9BF3-4595-81F3-EB169007F81F}.Release|x64.Build.0 = Release|x64
		{C6B0462E-9BF3-4595-81F3-EB169007F81F}.Release|x86.ActiveCfg = Release|Win32
		{C6B0462E-9BF3-4595-81F3-EB169007F81F}.Release|x86.Build.0 = Release|Win32
		{F473EC56-9401-416C-AF6D-75AA038F3190}.Debug|x64.ActiveCfg = Debug|x64
		{F473EC56-9401-416C-AF6D-75AA038F3190}.Debug|x64.Build.0 = Debug|x64
		{F473EC56-9401-416C-AF6D-75AA038F3190}.Debug|x86.ActiveCfg = Debug|Win32
		{F473EC56-9401-416C-AF6D-75AA038F3190}.Debug|x86.Build.0 = Debug|Win32
		{F473EC56-9401-416C-AF6D-75AA038F3190}.Release|x64.ActiveCfg = Release|x64
		{F473EC56-9401-416C-AF6D-75AA038F3190}.Release|x64.Build.0 = Release|x64
		{F473EC56-9401-416C-AF6D-75AA038F3190}.Release|x86.ActiveCfg = Release|Win32
		{F473EC56-9401-416C-AF6D-75AA038F3190}.Release|x86.Build.0 = Release|Win32
		{E1BD34CC-820E-4512-8F98-EB9EAB96AA1E}.Debug|x64.ActiveCfg = Debug|x64
		{E1BD34CC-820E-4512-8F98-EB9EAB96AA1E}.Debug|x64.Build.0 = Debug|x64
		{E1BD34CC-820E-4512-8F98-EB9EAB96AA1E}.Debug|x86.ActiveCfg = Debug|Win32
		{E1BD34CC-820E-4512-8F98-EB9EAB96AA1E}.Debug|x86.Build.0 = Debug|Win32
		{E1BD34CC-820E-4512-8F98-EB9EAB96AA1E}.Release|x64.ActiveCfg = Release|x64
		{E1BD34CC-820E-4512-8F98-EB9EAB96AA1E}.Release|x64.Build.0 = Release|x64
		{E1BD34CC-820E-4512-8F98-EB9EAB96AA1E}.Release|x86.ActiveCfg = Release|Win32
		{E1BD34CC-820E-4512-8F98-EB9EAB96AA1E}.Release|x86.Build.0 = Release|Win32
	EndGlobalSection
	GlobalSection(SolutionProperties) = preSolution
		HideSolutionNode = FALSE
	EndGlobalSection
	GlobalSection(ExtensibilityGlobals) = postSolution
		SolutionGuid = {1D5FBE46-078E-4F6D-B932-B1E7C4F2349C}
	EndGlobalSection
EndGlobal
