
Microsoft Visual Studio Solution File, Format Version 12.00
# Visual Studio Version 17
VisualStudioVersion = 17.4.33213.308
MinimumVisualStudioVersion = 10.0.40219.1
Project("{8BC9CEB8-8B4A-11D0-8D11-00A0C91BC942}") = "Prj01", "Prj01\Prj01.vcxproj", "{C8622867-EFE8-46FC-85A0-3415C2C484F8}"
EndProject
Project("{8BC9CEB8-8B4A-11D0-8D11-00A0C91BC942}") = "Prj02", "Prj02\Prj02.vcxproj", "{002BDCE9-9F38-4226-89A3-AFCB23E5FDB0}"
EndProject
Project("{8BC9CEB8-8B4A-11D0-8D11-00A0C91BC942}") = "Prj03", "Prj03\Prj03.vcxproj", "{ED174F6C-E485-47A6-B4F8-920F2572E111}"
EndProject
Project("{8BC9CEB8-8B4A-11D0-8D11-00A0C91BC942}") = "Prj04", "Prj04\Prj04.vcxproj", "{E808C07F-BF61-4618-A0F9-15896BE98415}"
EndProject
Project("{8BC9CEB8-8B4A-11D0-8D11-00A0C91BC942}") = "Prj05", "Prj05\Prj05.vcxproj", "{8D165EFA-910C-4BDD-9AE4-01E25F705650}"
EndProject
Project("{8BC9CEB8-8B4A-11D0-8D11-00A0C91BC942}") = "Prj060708", "Prj06\Prj06.vcxproj", "{DE0E7A8E-2E86-4EDA-92F8-A576881AE584}"
EndProject
Project("{8BC9CEB8-8B4A-11D0-8D11-00A0C91BC942}") = "Prj09", "Prj07\Prj07.vcxproj", "{3ABE4DD6-2353-4735-BEE9-936B23A9386F}"
EndProject
Project("{8BC9CEB8-8B4A-11D0-8D11-00A0C91BC942}") = "Prj10", "Prj08\Prj08.vcxproj", "{DF18ECEB-DD4A-4160-81EE-1507C30ED946}"
EndProject
Project("{8BC9CEB8-8B4A-11D0-8D11-00A0C91BC942}") = "Prj11", "Prj09\Prj09.vcxproj", "{7A7F3AD0-96A3-46BB-B9EC-6F731C36DC59}"
EndProject
Project("{8BC9CEB8-8B4A-11D0-8D11-00A0C91BC942}") = "Prj12", "Prj10\Prj10.vcxproj", "{5EC88BE0-C79E-49FA-A44B-C5F4345F1B88}"
EndProject
Global
	GlobalSection(SolutionConfigurationPlatforms) = preSolution
		Debug|x64 = Debug|x64
		Debug|x86 = Debug|x86
		Release|x64 = Release|x64
		Release|x86 = Release|x86
	EndGlobalSection
	GlobalSection(ProjectConfigurationPlatforms) = postSolution
		{C8622867-EFE8-46FC-85A0-3415C2C484F8}.Debug|x64.ActiveCfg = Debug|x64
		{C8622867-EFE8-46FC-85A0-3415C2C484F8}.Debug|x64.Build.0 = Debug|x64
		{C8622867-EFE8-46FC-85A0-3415C2C484F8}.Debug|x86.ActiveCfg = Debug|Win32
		{C8622867-EFE8-46FC-85A0-3415C2C484F8}.Debug|x86.Build.0 = Debug|Win32
		{C8622867-EFE8-46FC-85A0-3415C2C484F8}.Release|x64.ActiveCfg = Release|x64
		{C8622867-EFE8-46FC-85A0-3415C2C484F8}.Release|x64.Build.0 = Release|x64
		{C8622867-EFE8-46FC-85A0-3415C2C484F8}.Release|x86.ActiveCfg = Release|Win32
		{C8622867-EFE8-46FC-85A0-3415C2C484F8}.Release|x86.Build.0 = Release|Win32
		{002BDCE9-9F38-4226-89A3-AFCB23E5FDB0}.Debug|x64.ActiveCfg = Debug|x64
		{002BDCE9-9F38-4226-89A3-AFCB23E5FDB0}.Debug|x64.Build.0 = Debug|x64
		{002BDCE9-9F38-4226-89A3-AFCB23E5FDB0}.Debug|x86.ActiveCfg = Debug|Win32
		{002BDCE9-9F38-4226-89A3-AFCB23E5FDB0}.Debug|x86.Build.0 = Debug|Win32
		{002BDCE9-9F38-4226-89A3-AFCB23E5FDB0}.Release|x64.ActiveCfg = Release|x64
		{002BDCE9-9F38-4226-89A3-AFCB23E5FDB0}.Release|x64.Build.0 = Release|x64
		{002BDCE9-9F38-4226-89A3-AFCB23E5FDB0}.Release|x86.ActiveCfg = Release|Win32
		{002BDCE9-9F38-4226-89A3-AFCB23E5FDB0}.Release|x86.Build.0 = Release|Win32
		{ED174F6C-E485-47A6-B4F8-920F2572E111}.Debug|x64.ActiveCfg = Debug|x64
		{ED174F6C-E485-47A6-B4F8-920F2572E111}.Debug|x64.Build.0 = Debug|x64
		{ED174F6C-E485-47A6-B4F8-920F2572E111}.Debug|x86.ActiveCfg = Debug|Win32
		{ED174F6C-E485-47A6-B4F8-920F2572E111}.Debug|x86.Build.0 = Debug|Win32
		{ED174F6C-E485-47A6-B4F8-920F2572E111}.Release|x64.ActiveCfg = Release|x64
		{ED174F6C-E485-47A6-B4F8-920F2572E111}.Release|x64.Build.0 = Release|x64
		{ED174F6C-E485-47A6-B4F8-920F2572E111}.Release|x86.ActiveCfg = Release|Win32
		{ED174F6C-E485-47A6-B4F8-920F2572E111}.Release|x86.Build.0 = Release|Win32
		{E808C07F-BF61-4618-A0F9-15896BE98415}.Debug|x64.ActiveCfg = Debug|x64
		{E808C07F-BF61-4618-A0F9-15896BE98415}.Debug|x64.Build.0 = Debug|x64
		{E808C07F-BF61-4618-A0F9-15896BE98415}.Debug|x86.ActiveCfg = Debug|Win32
		{E808C07F-BF61-4618-A0F9-15896BE98415}.Debug|x86.Build.0 = Debug|Win32
		{E808C07F-BF61-4618-A0F9-15896BE98415}.Release|x64.ActiveCfg = Release|x64
		{E808C07F-BF61-4618-A0F9-15896BE98415}.Release|x64.Build.0 = Release|x64
		{E808C07F-BF61-4618-A0F9-15896BE98415}.Release|x86.ActiveCfg = Release|Win32
		{E808C07F-BF61-4618-A0F9-15896BE98415}.Release|x86.Build.0 = Release|Win32
		{8D165EFA-910C-4BDD-9AE4-01E25F705650}.Debug|x64.ActiveCfg = Debug|x64
		{8D165EFA-910C-4BDD-9AE4-01E25F705650}.Debug|x64.Build.0 = Debug|x64
		{8D165EFA-910C-4BDD-9AE4-01E25F705650}.Debug|x86.ActiveCfg = Debug|Win32
		{8D165EFA-910C-4BDD-9AE4-01E25F705650}.Debug|x86.Build.0 = Debug|Win32
		{8D165EFA-910C-4BDD-9AE4-01E25F705650}.Release|x64.ActiveCfg = Release|x64
		{8D165EFA-910C-4BDD-9AE4-01E25F705650}.Release|x64.Build.0 = Release|x64
		{8D165EFA-910C-4BDD-9AE4-01E25F705650}.Release|x86.ActiveCfg = Release|Win32
		{8D165EFA-910C-4BDD-9AE4-01E25F705650}.Release|x86.Build.0 = Release|Win32
		{DE0E7A8E-2E86-4EDA-92F8-A576881AE584}.Debug|x64.ActiveCfg = Debug|x64
		{DE0E7A8E-2E86-4EDA-92F8-A576881AE584}.Debug|x64.Build.0 = Debug|x64
		{DE0E7A8E-2E86-4EDA-92F8-A576881AE584}.Debug|x86.ActiveCfg = Debug|Win32
		{DE0E7A8E-2E86-4EDA-92F8-A576881AE584}.Debug|x86.Build.0 = Debug|Win32
		{DE0E7A8E-2E86-4EDA-92F8-A576881AE584}.Release|x64.ActiveCfg = Release|x64
		{DE0E7A8E-2E86-4EDA-92F8-A576881AE584}.Release|x64.Build.0 = Release|x64
		{DE0E7A8E-2E86-4EDA-92F8-A576881AE584}.Release|x86.ActiveCfg = Release|Win32
		{DE0E7A8E-2E86-4EDA-92F8-A576881AE584}.Release|x86.Build.0 = Release|Win32
		{3ABE4DD6-2353-4735-BEE9-936B23A9386F}.Debug|x64.ActiveCfg = Debug|x64
		{3ABE4DD6-2353-4735-BEE9-936B23A9386F}.Debug|x64.Build.0 = Debug|x64
		{3ABE4DD6-2353-4735-BEE9-936B23A9386F}.Debug|x86.ActiveCfg = Debug|Win32
		{3ABE4DD6-2353-4735-BEE9-936B23A9386F}.Debug|x86.Build.0 = Debug|Win32
		{3ABE4DD6-2353-4735-BEE9-936B23A9386F}.Release|x64.ActiveCfg = Release|x64
		{3ABE4DD6-2353-4735-BEE9-936B23A9386F}.Release|x64.Build.0 = Release|x64
		{3ABE4DD6-2353-4735-BEE9-936B23A9386F}.Release|x86.ActiveCfg = Release|Win32
		{3ABE4DD6-2353-4735-BEE9-936B23A9386F}.Release|x86.Build.0 = Release|Win32
		{DF18ECEB-DD4A-4160-81EE-1507C30ED946}.Debug|x64.ActiveCfg = Debug|x64
		{DF18ECEB-DD4A-4160-81EE-1507C30ED946}.Debug|x64.Build.0 = Debug|x64
		{DF18ECEB-DD4A-4160-81EE-1507C30ED946}.Debug|x86.ActiveCfg = Debug|Win32
		{DF18ECEB-DD4A-4160-81EE-1507C30ED946}.Debug|x86.Build.0 = Debug|Win32
		{DF18ECEB-DD4A-4160-81EE-1507C30ED946}.Release|x64.ActiveCfg = Release|x64
		{DF18ECEB-DD4A-4160-81EE-1507C30ED946}.Release|x64.Build.0 = Release|x64
		{DF18ECEB-DD4A-4160-81EE-1507C30ED946}.Release|x86.ActiveCfg = Release|Win32
		{DF18ECEB-DD4A-4160-81EE-1507C30ED946}.Release|x86.Build.0 = Release|Win32
		{7A7F3AD0-96A3-46BB-B9EC-6F731C36DC59}.Debug|x64.ActiveCfg = Debug|x64
		{7A7F3AD0-96A3-46BB-B9EC-6F731C36DC59}.Debug|x64.Build.0 = Debug|x64
		{7A7F3AD0-96A3-46BB-B9EC-6F731C36DC59}.Debug|x86.ActiveCfg = Debug|Win32
		{7A7F3AD0-96A3-46BB-B9EC-6F731C36DC59}.Debug|x86.Build.0 = Debug|Win32
		{7A7F3AD0-96A3-46BB-B9EC-6F731C36DC59}.Release|x64.ActiveCfg = Release|x64
		{7A7F3AD0-96A3-46BB-B9EC-6F731C36DC59}.Release|x64.Build.0 = Release|x64
		{7A7F3AD0-96A3-46BB-B9EC-6F731C36DC59}.Release|x86.ActiveCfg = Release|Win32
		{7A7F3AD0-96A3-46BB-B9EC-6F731C36DC59}.Release|x86.Build.0 = Release|Win32
		{5EC88BE0-C79E-49FA-A44B-C5F4345F1B88}.Debug|x64.ActiveCfg = Debug|x64
		{5EC88BE0-C79E-49FA-A44B-C5F4345F1B88}.Debug|x64.Build.0 = Debug|x64
		{5EC88BE0-C79E-49FA-A44B-C5F4345F1B88}.Debug|x86.ActiveCfg = Debug|Win32
		{5EC88BE0-C79E-49FA-A44B-C5F4345F1B88}.Debug|x86.Build.0 = Debug|Win32
		{5EC88BE0-C79E-49FA-A44B-C5F4345F1B88}.Release|x64.ActiveCfg = Release|x64
		{5EC88BE0-C79E-49FA-A44B-C5F4345F1B88}.Release|x64.Build.0 = Release|x64
		{5EC88BE0-C79E-49FA-A44B-C5F4345F1B88}.Release|x86.ActiveCfg = Release|Win32
		{5EC88BE0-C79E-49FA-A44B-C5F4345F1B88}.Release|x86.Build.0 = Release|Win32
	EndGlobalSection
	GlobalSection(SolutionProperties) = preSolution
		HideSolutionNode = FALSE
	EndGlobalSection
	GlobalSection(ExtensibilityGlobals) = postSolution
		SolutionGuid = {66A1F4AF-B1FD-4485-8810-DD8628BBC3DE}
	EndGlobalSection
EndGlobal
