
Microsoft Visual Studio Solution File, Format Version 12.00
# Visual Studio Version 17
VisualStudioVersion = 17.4.33213.308
MinimumVisualStudioVersion = 10.0.40219.1
Project("{8BC9CEB8-8B4A-11D0-8D11-00A0C91BC942}") = "Pj01", "Pj01\Pj01.vcxproj", "{F1497B38-ED4C-47A5-A1C6-E071D2A5DFCC}"
EndProject
Project("{8BC9CEB8-8B4A-11D0-8D11-00A0C91BC942}") = "Prj02", "Prj02\Prj02.vcxproj", "{57B0ADEE-ABC8-446C-A20B-AE225148DF73}"
EndProject
Project("{8BC9CEB8-8B4A-11D0-8D11-00A0C91BC942}") = "Prj03", "Prj03\Prj03.vcxproj", "{0D400C91-C75B-4E4D-A913-0BFD2C5484F6}"
EndProject
Project("{8BC9CEB8-8B4A-11D0-8D11-00A0C91BC942}") = "Prj04", "Prj04\Prj04.vcxproj", "{EF0FE822-0862-472E-9FD6-E6C1B3C35DB8}"
EndProject
Project("{8BC9CEB8-8B4A-11D0-8D11-00A0C91BC942}") = "Prj05", "Prj05\Prj05.vcxproj", "{E823C29B-4FB9-4209-92A0-DF4B1C21CDFE}"
EndProject
Project("{8BC9CEB8-8B4A-11D0-8D11-00A0C91BC942}") = "Prj06", "Prj06\Prj06.vcxproj", "{ECB691C0-35DD-497A-82A3-F45E42D6BB69}"
EndProject
Project("{8BC9CEB8-8B4A-11D0-8D11-00A0C91BC942}") = "Prj07", "Prj07\Prj07.vcxproj", "{0BE34A29-1A37-4174-AAB1-8A15E8206CBD}"
EndProject
Project("{8BC9CEB8-8B4A-11D0-8D11-00A0C91BC942}") = "Prj08", "Prj08\Prj08.vcxproj", "{AB95B454-185B-481F-8411-4C9BE8DCA322}"
EndProject
Project("{8BC9CEB8-8B4A-11D0-8D11-00A0C91BC942}") = "Prj09", "Prj09\Prj09.vcxproj", "{894680E9-946C-4889-AEE1-5E9E61B5F4EE}"
EndProject
Project("{8BC9CEB8-8B4A-11D0-8D11-00A0C91BC942}") = "Prj10", "Prj10\Prj10.vcxproj", "{D16887ED-C95F-404C-9193-489E4E6F8323}"
EndProject
Global
	GlobalSection(SolutionConfigurationPlatforms) = preSolution
		Debug|x64 = Debug|x64
		Debug|x86 = Debug|x86
		Release|x64 = Release|x64
		Release|x86 = Release|x86
	EndGlobalSection
	GlobalSection(ProjectConfigurationPlatforms) = postSolution
		{F1497B38-ED4C-47A5-A1C6-E071D2A5DFCC}.Debug|x64.ActiveCfg = Debug|x64
		{F1497B38-ED4C-47A5-A1C6-E071D2A5DFCC}.Debug|x64.Build.0 = Debug|x64
		{F1497B38-ED4C-47A5-A1C6-E071D2A5DFCC}.Debug|x86.ActiveCfg = Debug|Win32
		{F1497B38-ED4C-47A5-A1C6-E071D2A5DFCC}.Debug|x86.Build.0 = Debug|Win32
		{F1497B38-ED4C-47A5-A1C6-E071D2A5DFCC}.Release|x64.ActiveCfg = Release|x64
		{F1497B38-ED4C-47A5-A1C6-E071D2A5DFCC}.Release|x64.Build.0 = Release|x64
		{F1497B38-ED4C-47A5-A1C6-E071D2A5DFCC}.Release|x86.ActiveCfg = Release|Win32
		{F1497B38-ED4C-47A5-A1C6-E071D2A5DFCC}.Release|x86.Build.0 = Release|Win32
		{57B0ADEE-ABC8-446C-A20B-AE225148DF73}.Debug|x64.ActiveCfg = Debug|x64
		{57B0ADEE-ABC8-446C-A20B-AE225148DF73}.Debug|x64.Build.0 = Debug|x64
		{57B0ADEE-ABC8-446C-A20B-AE225148DF73}.Debug|x86.ActiveCfg = Debug|Win32
		{57B0ADEE-ABC8-446C-A20B-AE225148DF73}.Debug|x86.Build.0 = Debug|Win32
		{57B0ADEE-ABC8-446C-A20B-AE225148DF73}.Release|x64.ActiveCfg = Release|x64
		{57B0ADEE-ABC8-446C-A20B-AE225148DF73}.Release|x64.Build.0 = Release|x64
		{57B0ADEE-ABC8-446C-A20B-AE225148DF73}.Release|x86.ActiveCfg = Release|Win32
		{57B0ADEE-ABC8-446C-A20B-AE225148DF73}.Release|x86.Build.0 = Release|Win32
		{0D400C91-C75B-4E4D-A913-0BFD2C5484F6}.Debug|x64.ActiveCfg = Debug|x64
		{0D400C91-C75B-4E4D-A913-0BFD2C5484F6}.Debug|x64.Build.0 = Debug|x64
		{0D400C91-C75B-4E4D-A913-0BFD2C5484F6}.Debug|x86.ActiveCfg = Debug|Win32
		{0D400C91-C75B-4E4D-A913-0BFD2C5484F6}.Debug|x86.Build.0 = Debug|Win32
		{0D400C91-C75B-4E4D-A913-0BFD2C5484F6}.Release|x64.ActiveCfg = Release|x64
		{0D400C91-C75B-4E4D-A913-0BFD2C5484F6}.Release|x64.Build.0 = Release|x64
		{0D400C91-C75B-4E4D-A913-0BFD2C5484F6}.Release|x86.ActiveCfg = Release|Win32
		{0D400C91-C75B-4E4D-A913-0BFD2C5484F6}.Release|x86.Build.0 = Release|Win32
		{EF0FE822-0862-472E-9FD6-E6C1B3C35DB8}.Debug|x64.ActiveCfg = Debug|x64
		{EF0FE822-0862-472E-9FD6-E6C1B3C35DB8}.Debug|x64.Build.0 = Debug|x64
		{EF0FE822-0862-472E-9FD6-E6C1B3C35DB8}.Debug|x86.ActiveCfg = Debug|Win32
		{EF0FE822-0862-472E-9FD6-E6C1B3C35DB8}.Debug|x86.Build.0 = Debug|Win32
		{EF0FE822-0862-472E-9FD6-E6C1B3C35DB8}.Release|x64.ActiveCfg = Release|x64
		{EF0FE822-0862-472E-9FD6-E6C1B3C35DB8}.Release|x64.Build.0 = Release|x64
		{EF0FE822-0862-472E-9FD6-E6C1B3C35DB8}.Release|x86.ActiveCfg = Release|Win32
		{EF0FE822-0862-472E-9FD6-E6C1B3C35DB8}.Release|x86.Build.0 = Release|Win32
		{E823C29B-4FB9-4209-92A0-DF4B1C21CDFE}.Debug|x64.ActiveCfg = Debug|x64
		{E823C29B-4FB9-4209-92A0-DF4B1C21CDFE}.Debug|x64.Build.0 = Debug|x64
		{E823C29B-4FB9-4209-92A0-DF4B1C21CDFE}.Debug|x86.ActiveCfg = Debug|Win32
		{E823C29B-4FB9-4209-92A0-DF4B1C21CDFE}.Debug|x86.Build.0 = Debug|Win32
		{E823C29B-4FB9-4209-92A0-DF4B1C21CDFE}.Release|x64.ActiveCfg = Release|x64
		{E823C29B-4FB9-4209-92A0-DF4B1C21CDFE}.Release|x64.Build.0 = Release|x64
		{E823C29B-4FB9-4209-92A0-DF4B1C21CDFE}.Release|x86.ActiveCfg = Release|Win32
		{E823C29B-4FB9-4209-92A0-DF4B1C21CDFE}.Release|x86.Build.0 = Release|Win32
		{ECB691C0-35DD-497A-82A3-F45E42D6BB69}.Debug|x64.ActiveCfg = Debug|x64
		{ECB691C0-35DD-497A-82A3-F45E42D6BB69}.Debug|x64.Build.0 = Debug|x64
		{ECB691C0-35DD-497A-82A3-F45E42D6BB69}.Debug|x86.ActiveCfg = Debug|Win32
		{ECB691C0-35DD-497A-82A3-F45E42D6BB69}.Debug|x86.Build.0 = Debug|Win32
		{ECB691C0-35DD-497A-82A3-F45E42D6BB69}.Release|x64.ActiveCfg = Release|x64
		{ECB691C0-35DD-497A-82A3-F45E42D6BB69}.Release|x64.Build.0 = Release|x64
		{ECB691C0-35DD-497A-82A3-F45E42D6BB69}.Release|x86.ActiveCfg = Release|Win32
		{ECB691C0-35DD-497A-82A3-F45E42D6BB69}.Release|x86.Build.0 = Release|Win32
		{0BE34A29-1A37-4174-AAB1-8A15E8206CBD}.Debug|x64.ActiveCfg = Debug|x64
		{0BE34A29-1A37-4174-AAB1-8A15E8206CBD}.Debug|x64.Build.0 = Debug|x64
		{0BE34A29-1A37-4174-AAB1-8A15E8206CBD}.Debug|x86.ActiveCfg = Debug|Win32
		{0BE34A29-1A37-4174-AAB1-8A15E8206CBD}.Debug|x86.Build.0 = Debug|Win32
		{0BE34A29-1A37-4174-AAB1-8A15E8206CBD}.Release|x64.ActiveCfg = Release|x64
		{0BE34A29-1A37-4174-AAB1-8A15E8206CBD}.Release|x64.Build.0 = Release|x64
		{0BE34A29-1A37-4174-AAB1-8A15E8206CBD}.Release|x86.ActiveCfg = Release|Win32
		{0BE34A29-1A37-4174-AAB1-8A15E8206CBD}.Release|x86.Build.0 = Release|Win32
		{AB95B454-185B-481F-8411-4C9BE8DCA322}.Debug|x64.ActiveCfg = Debug|x64
		{AB95B454-185B-481F-8411-4C9BE8DCA322}.Debug|x64.Build.0 = Debug|x64
		{AB95B454-185B-481F-8411-4C9BE8DCA322}.Debug|x86.ActiveCfg = Debug|Win32
		{AB95B454-185B-481F-8411-4C9BE8DCA322}.Debug|x86.Build.0 = Debug|Win32
		{AB95B454-185B-481F-8411-4C9BE8DCA322}.Release|x64.ActiveCfg = Release|x64
		{AB95B454-185B-481F-8411-4C9BE8DCA322}.Release|x64.Build.0 = Release|x64
		{AB95B454-185B-481F-8411-4C9BE8DCA322}.Release|x86.ActiveCfg = Release|Win32
		{AB95B454-185B-481F-8411-4C9BE8DCA322}.Release|x86.Build.0 = Release|Win32
		{894680E9-946C-4889-AEE1-5E9E61B5F4EE}.Debug|x64.ActiveCfg = Debug|x64
		{894680E9-946C-4889-AEE1-5E9E61B5F4EE}.Debug|x64.Build.0 = Debug|x64
		{894680E9-946C-4889-AEE1-5E9E61B5F4EE}.Debug|x86.ActiveCfg = Debug|Win32
		{894680E9-946C-4889-AEE1-5E9E61B5F4EE}.Debug|x86.Build.0 = Debug|Win32
		{894680E9-946C-4889-AEE1-5E9E61B5F4EE}.Release|x64.ActiveCfg = Release|x64
		{894680E9-946C-4889-AEE1-5E9E61B5F4EE}.Release|x64.Build.0 = Release|x64
		{894680E9-946C-4889-AEE1-5E9E61B5F4EE}.Release|x86.ActiveCfg = Release|Win32
		{894680E9-946C-4889-AEE1-5E9E61B5F4EE}.Release|x86.Build.0 = Release|Win32
		{D16887ED-C95F-404C-9193-489E4E6F8323}.Debug|x64.ActiveCfg = Debug|x64
		{D16887ED-C95F-404C-9193-489E4E6F8323}.Debug|x64.Build.0 = Debug|x64
		{D16887ED-C95F-404C-9193-489E4E6F8323}.Debug|x86.ActiveCfg = Debug|Win32
		{D16887ED-C95F-404C-9193-489E4E6F8323}.Debug|x86.Build.0 = Debug|Win32
		{D16887ED-C95F-404C-9193-489E4E6F8323}.Release|x64.ActiveCfg = Release|x64
		{D16887ED-C95F-404C-9193-489E4E6F8323}.Release|x64.Build.0 = Release|x64
		{D16887ED-C95F-404C-9193-489E4E6F8323}.Release|x86.ActiveCfg = Release|Win32
		{D16887ED-C95F-404C-9193-489E4E6F8323}.Release|x86.Build.0 = Release|Win32
	EndGlobalSection
	GlobalSection(SolutionProperties) = preSolution
		HideSolutionNode = FALSE
	EndGlobalSection
	GlobalSection(ExtensibilityGlobals) = postSolution
		SolutionGuid = {CC949E07-8E0F-4C2A-A7DB-92ADC083CED7}
	EndGlobalSection
EndGlobal
