
Microsoft Visual Studio Solution File, Format Version 12.00
# Visual Studio Version 17
VisualStudioVersion = 17.4.33213.308
MinimumVisualStudioVersion = 10.0.40219.1
Project("{8BC9CEB8-8B4A-11D0-8D11-00A0C91BC942}") = "Prj01", "Prj01\Prj01.vcxproj", "{CA7944E5-AD3E-47D0-A34F-B015368E8B9F}"
EndProject
Project("{8BC9CEB8-8B4A-11D0-8D11-00A0C91BC942}") = "Prj02", "Prj02\Prj02.vcxproj", "{AFBF9E46-EC2A-4E51-A321-FF0F2C9E7520}"
EndProject
Project("{8BC9CEB8-8B4A-11D0-8D11-00A0C91BC942}") = "Prj03", "Prj03\Prj03.vcxproj", "{4C7B816A-C3C4-47B9-B7B1-1F3CC5BCBED5}"
EndProject
Project("{8BC9CEB8-8B4A-11D0-8D11-00A0C91BC942}") = "Prj04", "Prj04\Prj04.vcxproj", "{7E6EC1B4-AF1B-45C8-8684-313CC94E8950}"
EndProject
Project("{8BC9CEB8-8B4A-11D0-8D11-00A0C91BC942}") = "Prj05", "Prj05\Prj05.vcxproj", "{42CE6133-DDDE-4E9B-8569-AF9D93B65194}"
EndProject
Project("{8BC9CEB8-8B4A-11D0-8D11-00A0C91BC942}") = "Prj06", "Prj06\Prj06.vcxproj", "{3739E393-F380-4AB6-950F-C09B1C0617B4}"
EndProject
Project("{8BC9CEB8-8B4A-11D0-8D11-00A0C91BC942}") = "Prj07", "Prj07\Prj07.vcxproj", "{421ADD12-7CF6-41DC-A439-FDAE0D832809}"
EndProject
Project("{8BC9CEB8-8B4A-11D0-8D11-00A0C91BC942}") = "Prj08", "Prj08\Prj08.vcxproj", "{DBF33B39-3644-4DDE-B0AE-761F67CE1C51}"
EndProject
Project("{8BC9CEB8-8B4A-11D0-8D11-00A0C91BC942}") = "Prj09", "Prj09\Prj09.vcxproj", "{0C56B0DC-461D-401A-A53D-4B37D89389A9}"
EndProject
Global
	GlobalSection(SolutionConfigurationPlatforms) = preSolution
		Debug|x64 = Debug|x64
		Debug|x86 = Debug|x86
		Release|x64 = Release|x64
		Release|x86 = Release|x86
	EndGlobalSection
	GlobalSection(ProjectConfigurationPlatforms) = postSolution
		{CA7944E5-AD3E-47D0-A34F-B015368E8B9F}.Debug|x64.ActiveCfg = Debug|x64
		{CA7944E5-AD3E-47D0-A34F-B015368E8B9F}.Debug|x64.Build.0 = Debug|x64
		{CA7944E5-AD3E-47D0-A34F-B015368E8B9F}.Debug|x86.ActiveCfg = Debug|Win32
		{CA7944E5-AD3E-47D0-A34F-B015368E8B9F}.Debug|x86.Build.0 = Debug|Win32
		{CA7944E5-AD3E-47D0-A34F-B015368E8B9F}.Release|x64.ActiveCfg = Release|x64
		{CA7944E5-AD3E-47D0-A34F-B015368E8B9F}.Release|x64.Build.0 = Release|x64
		{CA7944E5-AD3E-47D0-A34F-B015368E8B9F}.Release|x86.ActiveCfg = Release|Win32
		{CA7944E5-AD3E-47D0-A34F-B015368E8B9F}.Release|x86.Build.0 = Release|Win32
		{AFBF9E46-EC2A-4E51-A321-FF0F2C9E7520}.Debug|x64.ActiveCfg = Debug|x64
		{AFBF9E46-EC2A-4E51-A321-FF0F2C9E7520}.Debug|x64.Build.0 = Debug|x64
		{AFBF9E46-EC2A-4E51-A321-FF0F2C9E7520}.Debug|x86.ActiveCfg = Debug|Win32
		{AFBF9E46-EC2A-4E51-A321-FF0F2C9E7520}.Debug|x86.Build.0 = Debug|Win32
		{AFBF9E46-EC2A-4E51-A321-FF0F2C9E7520}.Release|x64.ActiveCfg = Release|x64
		{AFBF9E46-EC2A-4E51-A321-FF0F2C9E7520}.Release|x64.Build.0 = Release|x64
		{AFBF9E46-EC2A-4E51-A321-FF0F2C9E7520}.Release|x86.ActiveCfg = Release|Win32
		{AFBF9E46-EC2A-4E51-A321-FF0F2C9E7520}.Release|x86.Build.0 = Release|Win32
		{4C7B816A-C3C4-47B9-B7B1-1F3CC5BCBED5}.Debug|x64.ActiveCfg = Debug|x64
		{4C7B816A-C3C4-47B9-B7B1-1F3CC5BCBED5}.Debug|x64.Build.0 = Debug|x64
		{4C7B816A-C3C4-47B9-B7B1-1F3CC5BCBED5}.Debug|x86.ActiveCfg = Debug|Win32
		{4C7B816A-C3C4-47B9-B7B1-1F3CC5BCBED5}.Debug|x86.Build.0 = Debug|Win32
		{4C7B816A-C3C4-47B9-B7B1-1F3CC5BCBED5}.Release|x64.ActiveCfg = Release|x64
		{4C7B816A-C3C4-47B9-B7B1-1F3CC5BCBED5}.Release|x64.Build.0 = Release|x64
		{4C7B816A-C3C4-47B9-B7B1-1F3CC5BCBED5}.Release|x86.ActiveCfg = Release|Win32
		{4C7B816A-C3C4-47B9-B7B1-1F3CC5BCBED5}.Release|x86.Build.0 = Release|Win32
		{7E6EC1B4-AF1B-45C8-8684-313CC94E8950}.Debug|x64.ActiveCfg = Debug|x64
		{7E6EC1B4-AF1B-45C8-8684-313CC94E8950}.Debug|x64.Build.0 = Debug|x64
		{7E6EC1B4-AF1B-45C8-8684-313CC94E8950}.Debug|x86.ActiveCfg = Debug|Win32
		{7E6EC1B4-AF1B-45C8-8684-313CC94E8950}.Debug|x86.Build.0 = Debug|Win32
		{7E6EC1B4-AF1B-45C8-8684-313CC94E8950}.Release|x64.ActiveCfg = Release|x64
		{7E6EC1B4-AF1B-45C8-8684-313CC94E8950}.Release|x64.Build.0 = Release|x64
		{7E6EC1B4-AF1B-45C8-8684-313CC94E8950}.Release|x86.ActiveCfg = Release|Win32
		{7E6EC1B4-AF1B-45C8-8684-313CC94E8950}.Release|x86.Build.0 = Release|Win32
		{42CE6133-DDDE-4E9B-8569-AF9D93B65194}.Debug|x64.ActiveCfg = Debug|x64
		{42CE6133-DDDE-4E9B-8569-AF9D93B65194}.Debug|x64.Build.0 = Debug|x64
		{42CE6133-DDDE-4E9B-8569-AF9D93B65194}.Debug|x86.ActiveCfg = Debug|Win32
		{42CE6133-DDDE-4E9B-8569-AF9D93B65194}.Debug|x86.Build.0 = Debug|Win32
		{42CE6133-DDDE-4E9B-8569-AF9D93B65194}.Release|x64.ActiveCfg = Release|x64
		{42CE6133-DDDE-4E9B-8569-AF9D93B65194}.Release|x64.Build.0 = Release|x64
		{42CE6133-DDDE-4E9B-8569-AF9D93B65194}.Release|x86.ActiveCfg = Release|Win32
		{42CE6133-DDDE-4E9B-8569-AF9D93B65194}.Release|x86.Build.0 = Release|Win32
		{3739E393-F380-4AB6-950F-C09B1C0617B4}.Debug|x64.ActiveCfg = Debug|x64
		{3739E393-F380-4AB6-950F-C09B1C0617B4}.Debug|x64.Build.0 = Debug|x64
		{3739E393-F380-4AB6-950F-C09B1C0617B4}.Debug|x86.ActiveCfg = Debug|Win32
		{3739E393-F380-4AB6-950F-C09B1C0617B4}.Debug|x86.Build.0 = Debug|Win32
		{3739E393-F380-4AB6-950F-C09B1C0617B4}.Release|x64.ActiveCfg = Release|x64
		{3739E393-F380-4AB6-950F-C09B1C0617B4}.Release|x64.Build.0 = Release|x64
		{3739E393-F380-4AB6-950F-C09B1C0617B4}.Release|x86.ActiveCfg = Release|Win32
		{3739E393-F380-4AB6-950F-C09B1C0617B4}.Release|x86.Build.0 = Release|Win32
		{421ADD12-7CF6-41DC-A439-FDAE0D832809}.Debug|x64.ActiveCfg = Debug|x64
		{421ADD12-7CF6-41DC-A439-FDAE0D832809}.Debug|x64.Build.0 = Debug|x64
		{421ADD12-7CF6-41DC-A439-FDAE0D832809}.Debug|x86.ActiveCfg = Debug|Win32
		{421ADD12-7CF6-41DC-A439-FDAE0D832809}.Debug|x86.Build.0 = Debug|Win32
		{421ADD12-7CF6-41DC-A439-FDAE0D832809}.Release|x64.ActiveCfg = Release|x64
		{421ADD12-7CF6-41DC-A439-FDAE0D832809}.Release|x64.Build.0 = Release|x64
		{421ADD12-7CF6-41DC-A439-FDAE0D832809}.Release|x86.ActiveCfg = Release|Win32
		{421ADD12-7CF6-41DC-A439-FDAE0D832809}.Release|x86.Build.0 = Release|Win32
		{DBF33B39-3644-4DDE-B0AE-761F67CE1C51}.Debug|x64.ActiveCfg = Debug|x64
		{DBF33B39-3644-4DDE-B0AE-761F67CE1C51}.Debug|x64.Build.0 = Debug|x64
		{DBF33B39-3644-4DDE-B0AE-761F67CE1C51}.Debug|x86.ActiveCfg = Debug|Win32
		{DBF33B39-3644-4DDE-B0AE-761F67CE1C51}.Debug|x86.Build.0 = Debug|Win32
		{DBF33B39-3644-4DDE-B0AE-761F67CE1C51}.Release|x64.ActiveCfg = Release|x64
		{DBF33B39-3644-4DDE-B0AE-761F67CE1C51}.Release|x64.Build.0 = Release|x64
		{DBF33B39-3644-4DDE-B0AE-761F67CE1C51}.Release|x86.ActiveCfg = Release|Win32
		{DBF33B39-3644-4DDE-B0AE-761F67CE1C51}.Release|x86.Build.0 = Release|Win32
		{0C56B0DC-461D-401A-A53D-4B37D89389A9}.Debug|x64.ActiveCfg = Debug|x64
		{0C56B0DC-461D-401A-A53D-4B37D89389A9}.Debug|x64.Build.0 = Debug|x64
		{0C56B0DC-461D-401A-A53D-4B37D89389A9}.Debug|x86.ActiveCfg = Debug|Win32
		{0C56B0DC-461D-401A-A53D-4B37D89389A9}.Debug|x86.Build.0 = Debug|Win32
		{0C56B0DC-461D-401A-A53D-4B37D89389A9}.Release|x64.ActiveCfg = Release|x64
		{0C56B0DC-461D-401A-A53D-4B37D89389A9}.Release|x64.Build.0 = Release|x64
		{0C56B0DC-461D-401A-A53D-4B37D89389A9}.Release|x86.ActiveCfg = Release|Win32
		{0C56B0DC-461D-401A-A53D-4B37D89389A9}.Release|x86.Build.0 = Release|Win32
	EndGlobalSection
	GlobalSection(SolutionProperties) = preSolution
		HideSolutionNode = FALSE
	EndGlobalSection
	GlobalSection(ExtensibilityGlobals) = postSolution
		SolutionGuid = {E8E3917F-2760-4CC7-9301-E8F30BEE9AB5}
	EndGlobalSection
EndGlobal
